// !$*UTF8*$!
{
	archiveVersion = 1;
	classes = {
	};
	objectVersion = 46;
	objects = {

/* Begin PBXBuildFile section */
		D93C98A5156D8CC000A5F339 /* EDNBasemapInfoViewController.m in Sources */ = {isa = PBXBuildFile; fileRef = D93C98A4156D8CC000A5F339 /* EDNBasemapInfoViewController.m */; };
		D94431A5156BE1FC00982D5C /* EDNLiteHelper.m in Sources */ = {isa = PBXBuildFile; fileRef = D94431A4156BE1FC00982D5C /* EDNLiteHelper.m */; };
		D9B1044D156D98B900DF6287 /* UILabel+EDNAutoSizeMutliline.m in Sources */ = {isa = PBXBuildFile; fileRef = E1DCB32E156D455100A30BB2 /* UILabel+EDNAutoSizeMutliline.m */; };
		D9E27C9E155ABDC5008F8CCB /* ArcGIS.framework in Frameworks */ = {isa = PBXBuildFile; fileRef = D9E27C9D155ABDC5008F8CCB /* ArcGIS.framework */; };
		D9E27CB4155AEA6E008F8CCB /* AGSMapView+Basemaps.m in Sources */ = {isa = PBXBuildFile; fileRef = D9E27CB3155AEA6E008F8CCB /* AGSMapView+Basemaps.m */; };
		D9E27CB8155B1EDB008F8CCB /* LiteMapConfig.plist in Resources */ = {isa = PBXBuildFile; fileRef = D9E27CB7155B1EDB008F8CCB /* LiteMapConfig.plist */; };
		E16C07CC1559B39C00776F3E /* ArcGIS.bundle in Resources */ = {isa = PBXBuildFile; fileRef = E16C07CB1559B39C00776F3E /* ArcGIS.bundle */; };
		E16C07D01559B9AA00776F3E /* AGSMapView+Navigation.m in Sources */ = {isa = PBXBuildFile; fileRef = E16C07CF1559B9AA00776F3E /* AGSMapView+Navigation.m */; };
		E16C28FA15598A5E00E2DB56 /* UIKit.framework in Frameworks */ = {isa = PBXBuildFile; fileRef = E16C28F915598A5E00E2DB56 /* UIKit.framework */; };
		E16C28FC15598A5E00E2DB56 /* Foundation.framework in Frameworks */ = {isa = PBXBuildFile; fileRef = E16C28FB15598A5E00E2DB56 /* Foundation.framework */; };
		E16C28FE15598A5E00E2DB56 /* CoreGraphics.framework in Frameworks */ = {isa = PBXBuildFile; fileRef = E16C28FD15598A5E00E2DB56 /* CoreGraphics.framework */; };
		E16C290415598A5E00E2DB56 /* InfoPlist.strings in Resources */ = {isa = PBXBuildFile; fileRef = E16C290215598A5E00E2DB56 /* InfoPlist.strings */; };
		E16C290615598A5E00E2DB56 /* main.m in Sources */ = {isa = PBXBuildFile; fileRef = E16C290515598A5E00E2DB56 /* main.m */; };
		E16C290A15598A5E00E2DB56 /* EDNAppDelegate.m in Sources */ = {isa = PBXBuildFile; fileRef = E16C290915598A5E00E2DB56 /* EDNAppDelegate.m */; };
		E16C290D15598A5E00E2DB56 /* MainStoryboard_iPhone.storyboard in Resources */ = {isa = PBXBuildFile; fileRef = E16C290B15598A5E00E2DB56 /* MainStoryboard_iPhone.storyboard */; };
		E16C291015598A5E00E2DB56 /* MainStoryboard_iPad.storyboard in Resources */ = {isa = PBXBuildFile; fileRef = E16C290E15598A5E00E2DB56 /* MainStoryboard_iPad.storyboard */; };
		E16C291315598A5E00E2DB56 /* EDNViewController.m in Sources */ = {isa = PBXBuildFile; fileRef = E16C291215598A5E00E2DB56 /* EDNViewController.m */; };
		E1750BB41559B0F600C50929 /* CoreLocation.framework in Frameworks */ = {isa = PBXBuildFile; fileRef = E1750BAC1559B0F600C50929 /* CoreLocation.framework */; };
		E1750BB51559B0F600C50929 /* CoreText.framework in Frameworks */ = {isa = PBXBuildFile; fileRef = E1750BAD1559B0F600C50929 /* CoreText.framework */; };
		E1750BB61559B0F600C50929 /* libstdc++.dylib in Frameworks */ = {isa = PBXBuildFile; fileRef = E1750BAE1559B0F600C50929 /* libstdc++.dylib */; };
		E1750BB71559B0F600C50929 /* libz.dylib in Frameworks */ = {isa = PBXBuildFile; fileRef = E1750BAF1559B0F600C50929 /* libz.dylib */; };
		E1750BB81559B0F600C50929 /* MediaPlayer.framework in Frameworks */ = {isa = PBXBuildFile; fileRef = E1750BB01559B0F600C50929 /* MediaPlayer.framework */; };
		E1750BB91559B0F600C50929 /* MobileCoreServices.framework in Frameworks */ = {isa = PBXBuildFile; fileRef = E1750BB11559B0F600C50929 /* MobileCoreServices.framework */; };
		E1750BBA1559B0F600C50929 /* QuartzCore.framework in Frameworks */ = {isa = PBXBuildFile; fileRef = E1750BB21559B0F600C50929 /* QuartzCore.framework */; };
		E1750BBB1559B0F600C50929 /* Security.framework in Frameworks */ = {isa = PBXBuildFile; fileRef = E1750BB31559B0F600C50929 /* Security.framework */; };
/* End PBXBuildFile section */

/* Begin PBXFileReference section */
		D93C98A3156D8CC000A5F339 /* EDNBasemapInfoViewController.h */ = {isa = PBXFileReference; fileEncoding = 4; lastKnownFileType = sourcecode.c.h; path = EDNBasemapInfoViewController.h; sourceTree = "<group>"; };
		D93C98A4156D8CC000A5F339 /* EDNBasemapInfoViewController.m */ = {isa = PBXFileReference; fileEncoding = 4; lastKnownFileType = sourcecode.c.objc; path = EDNBasemapInfoViewController.m; sourceTree = "<group>"; };
		D94431A3156BE1FC00982D5C /* EDNLiteHelper.h */ = {isa = PBXFileReference; fileEncoding = 4; lastKnownFileType = sourcecode.c.h; path = EDNLiteHelper.h; sourceTree = "<group>"; };
		D94431A4156BE1FC00982D5C /* EDNLiteHelper.m */ = {isa = PBXFileReference; fileEncoding = 4; lastKnownFileType = sourcecode.c.objc; path = EDNLiteHelper.m; sourceTree = "<group>"; };
		D9E27C9D155ABDC5008F8CCB /* ArcGIS.framework */ = {isa = PBXFileReference; lastKnownFileType = wrapper.framework; name = ArcGIS.framework; path = ../../../Library/SDKs/ArcGIS/ArcGIS.framework; sourceTree = "<group>"; };
		D9E27CB2155AEA6E008F8CCB /* AGSMapView+Basemaps.h */ = {isa = PBXFileReference; fileEncoding = 4; lastKnownFileType = sourcecode.c.h; name = "AGSMapView+Basemaps.h"; path = "Basemaps/AGSMapView+Basemaps.h"; sourceTree = "<group>"; };
		D9E27CB3155AEA6E008F8CCB /* AGSMapView+Basemaps.m */ = {isa = PBXFileReference; fileEncoding = 4; lastKnownFileType = sourcecode.c.objc; name = "AGSMapView+Basemaps.m"; path = "Basemaps/AGSMapView+Basemaps.m"; sourceTree = "<group>"; };
		D9E27CB7155B1EDB008F8CCB /* LiteMapConfig.plist */ = {isa = PBXFileReference; fileEncoding = 4; lastKnownFileType = text.plist.xml; name = LiteMapConfig.plist; path = ../LiteMapConfig.plist; sourceTree = "<group>"; };
		E16C07CB1559B39C00776F3E /* ArcGIS.bundle */ = {isa = PBXFileReference; lastKnownFileType = "wrapper.plug-in"; name = ArcGIS.bundle; path = ../../../../Library/SDKs/ArcGIS/ArcGIS.framework/Versions/Current/Resources/ArcGIS.bundle; sourceTree = "<group>"; };
		E16C07CE1559B9AA00776F3E /* AGSMapView+Navigation.h */ = {isa = PBXFileReference; fileEncoding = 4; lastKnownFileType = sourcecode.c.h; name = "AGSMapView+Navigation.h"; path = "Navigation/AGSMapView+Navigation.h"; sourceTree = "<group>"; };
		E16C07CF1559B9AA00776F3E /* AGSMapView+Navigation.m */ = {isa = PBXFileReference; fileEncoding = 4; lastKnownFileType = sourcecode.c.objc; name = "AGSMapView+Navigation.m"; path = "Navigation/AGSMapView+Navigation.m"; sourceTree = "<group>"; };
		E16C28F515598A5E00E2DB56 /* iOSLite.app */ = {isa = PBXFileReference; explicitFileType = wrapper.application; includeInIndex = 0; path = iOSLite.app; sourceTree = BUILT_PRODUCTS_DIR; };
		E16C28F915598A5E00E2DB56 /* UIKit.framework */ = {isa = PBXFileReference; lastKnownFileType = wrapper.framework; name = UIKit.framework; path = System/Library/Frameworks/UIKit.framework; sourceTree = SDKROOT; };
		E16C28FB15598A5E00E2DB56 /* Foundation.framework */ = {isa = PBXFileReference; lastKnownFileType = wrapper.framework; name = Foundation.framework; path = System/Library/Frameworks/Foundation.framework; sourceTree = SDKROOT; };
		E16C28FD15598A5E00E2DB56 /* CoreGraphics.framework */ = {isa = PBXFileReference; lastKnownFileType = wrapper.framework; name = CoreGraphics.framework; path = System/Library/Frameworks/CoreGraphics.framework; sourceTree = SDKROOT; };
		E16C290115598A5E00E2DB56 /* iOSLite-Info.plist */ = {isa = PBXFileReference; lastKnownFileType = text.plist.xml; path = "iOSLite-Info.plist"; sourceTree = "<group>"; };
		E16C290315598A5E00E2DB56 /* en */ = {isa = PBXFileReference; lastKnownFileType = text.plist.strings; name = en; path = en.lproj/InfoPlist.strings; sourceTree = "<group>"; };
		E16C290515598A5E00E2DB56 /* main.m */ = {isa = PBXFileReference; lastKnownFileType = sourcecode.c.objc; path = main.m; sourceTree = "<group>"; };
		E16C290715598A5E00E2DB56 /* iOSLite-Prefix.pch */ = {isa = PBXFileReference; lastKnownFileType = sourcecode.c.h; path = "iOSLite-Prefix.pch"; sourceTree = "<group>"; };
		E16C290815598A5E00E2DB56 /* EDNAppDelegate.h */ = {isa = PBXFileReference; lastKnownFileType = sourcecode.c.h; path = EDNAppDelegate.h; sourceTree = "<group>"; };
		E16C290915598A5E00E2DB56 /* EDNAppDelegate.m */ = {isa = PBXFileReference; lastKnownFileType = sourcecode.c.objc; path = EDNAppDelegate.m; sourceTree = "<group>"; };
		E16C290C15598A5E00E2DB56 /* en */ = {isa = PBXFileReference; lastKnownFileType = file.storyboard; name = en; path = en.lproj/MainStoryboard_iPhone.storyboard; sourceTree = "<group>"; };
		E16C290F15598A5E00E2DB56 /* en */ = {isa = PBXFileReference; lastKnownFileType = file.storyboard; name = en; path = en.lproj/MainStoryboard_iPad.storyboard; sourceTree = "<group>"; };
		E16C291115598A5E00E2DB56 /* EDNViewController.h */ = {isa = PBXFileReference; lastKnownFileType = sourcecode.c.h; path = EDNViewController.h; sourceTree = "<group>"; };
		E16C291215598A5E00E2DB56 /* EDNViewController.m */ = {isa = PBXFileReference; lastKnownFileType = sourcecode.c.objc; path = EDNViewController.m; sourceTree = "<group>"; };
		E1750BAC1559B0F600C50929 /* CoreLocation.framework */ = {isa = PBXFileReference; lastKnownFileType = wrapper.framework; name = CoreLocation.framework; path = System/Library/Frameworks/CoreLocation.framework; sourceTree = SDKROOT; };
		E1750BAD1559B0F600C50929 /* CoreText.framework */ = {isa = PBXFileReference; lastKnownFileType = wrapper.framework; name = CoreText.framework; path = System/Library/Frameworks/CoreText.framework; sourceTree = SDKROOT; };
		E1750BAE1559B0F600C50929 /* libstdc++.dylib */ = {isa = PBXFileReference; lastKnownFileType = "compiled.mach-o.dylib"; name = "libstdc++.dylib"; path = "usr/lib/libstdc++.dylib"; sourceTree = SDKROOT; };
		E1750BAF1559B0F600C50929 /* libz.dylib */ = {isa = PBXFileReference; lastKnownFileType = "compiled.mach-o.dylib"; name = libz.dylib; path = usr/lib/libz.dylib; sourceTree = SDKROOT; };
		E1750BB01559B0F600C50929 /* MediaPlayer.framework */ = {isa = PBXFileReference; lastKnownFileType = wrapper.framework; name = MediaPlayer.framework; path = System/Library/Frameworks/MediaPlayer.framework; sourceTree = SDKROOT; };
		E1750BB11559B0F600C50929 /* MobileCoreServices.framework */ = {isa = PBXFileReference; lastKnownFileType = wrapper.framework; name = MobileCoreServices.framework; path = System/Library/Frameworks/MobileCoreServices.framework; sourceTree = SDKROOT; };
		E1750BB21559B0F600C50929 /* QuartzCore.framework */ = {isa = PBXFileReference; lastKnownFileType = wrapper.framework; name = QuartzCore.framework; path = System/Library/Frameworks/QuartzCore.framework; sourceTree = SDKROOT; };
		E1750BB31559B0F600C50929 /* Security.framework */ = {isa = PBXFileReference; lastKnownFileType = wrapper.framework; name = Security.framework; path = System/Library/Frameworks/Security.framework; sourceTree = SDKROOT; };
		E1DCB32D156D455100A30BB2 /* UILabel+EDNAutoSizeMutliline.h */ = {isa = PBXFileReference; fileEncoding = 4; lastKnownFileType = sourcecode.c.h; path = "UILabel+EDNAutoSizeMutliline.h"; sourceTree = "<group>"; };
		E1DCB32E156D455100A30BB2 /* UILabel+EDNAutoSizeMutliline.m */ = {isa = PBXFileReference; fileEncoding = 4; lastKnownFileType = sourcecode.c.objc; path = "UILabel+EDNAutoSizeMutliline.m"; sourceTree = "<group>"; };
/* End PBXFileReference section */

/* Begin PBXFrameworksBuildPhase section */
		E16C28F215598A5E00E2DB56 /* Frameworks */ = {
			isa = PBXFrameworksBuildPhase;
			buildActionMask = 2147483647;
			files = (
				D9E27C9E155ABDC5008F8CCB /* ArcGIS.framework in Frameworks */,
				E1750BB41559B0F600C50929 /* CoreLocation.framework in Frameworks */,
				E1750BB51559B0F600C50929 /* CoreText.framework in Frameworks */,
				E1750BB61559B0F600C50929 /* libstdc++.dylib in Frameworks */,
				E1750BB71559B0F600C50929 /* libz.dylib in Frameworks */,
				E1750BB81559B0F600C50929 /* MediaPlayer.framework in Frameworks */,
				E1750BB91559B0F600C50929 /* MobileCoreServices.framework in Frameworks */,
				E1750BBA1559B0F600C50929 /* QuartzCore.framework in Frameworks */,
				E1750BBB1559B0F600C50929 /* Security.framework in Frameworks */,
				E16C28FA15598A5E00E2DB56 /* UIKit.framework in Frameworks */,
				E16C28FC15598A5E00E2DB56 /* Foundation.framework in Frameworks */,
				E16C28FE15598A5E00E2DB56 /* CoreGraphics.framework in Frameworks */,
			);
			runOnlyForDeploymentPostprocessing = 0;
		};
/* End PBXFrameworksBuildPhase section */

/* Begin PBXGroup section */
		D94431A7156C1EEC00982D5C /* Helper */ = {
			isa = PBXGroup;
			children = (
				D94431A3156BE1FC00982D5C /* EDNLiteHelper.h */,
				D94431A4156BE1FC00982D5C /* EDNLiteHelper.m */,
				D9E27CB7155B1EDB008F8CCB /* LiteMapConfig.plist */,
			);
			name = Helper;
			sourceTree = "<group>";
		};
		D9E27CAF155AE891008F8CCB /* Categories */ = {
			isa = PBXGroup;
			children = (
				D9E27CB1155AEA4D008F8CCB /* Basemaps */,
				E16C07CD1559B96900776F3E /* Navigation */,
			);
			name = Categories;
			sourceTree = "<group>";
		};
		D9E27CB1155AEA4D008F8CCB /* Basemaps */ = {
			isa = PBXGroup;
			children = (
				D9E27CB2155AEA6E008F8CCB /* AGSMapView+Basemaps.h */,
				D9E27CB3155AEA6E008F8CCB /* AGSMapView+Basemaps.m */,
			);
			name = Basemaps;
			sourceTree = "<group>";
		};
		E16C07CD1559B96900776F3E /* Navigation */ = {
			isa = PBXGroup;
			children = (
				E16C07CE1559B9AA00776F3E /* AGSMapView+Navigation.h */,
				E16C07CF1559B9AA00776F3E /* AGSMapView+Navigation.m */,
			);
			name = Navigation;
			sourceTree = "<group>";
		};
		E16C28EA15598A5E00E2DB56 = {
			isa = PBXGroup;
			children = (
				E16C28FF15598A5E00E2DB56 /* iOSLite */,
				E16C28F815598A5E00E2DB56 /* Frameworks */,
				E16C28F615598A5E00E2DB56 /* Products */,
			);
			sourceTree = "<group>";
		};
		E16C28F615598A5E00E2DB56 /* Products */ = {
			isa = PBXGroup;
			children = (
				E16C28F515598A5E00E2DB56 /* iOSLite.app */,
			);
			name = Products;
			sourceTree = "<group>";
		};
		E16C28F815598A5E00E2DB56 /* Frameworks */ = {
			isa = PBXGroup;
			children = (
				D9E27C9D155ABDC5008F8CCB /* ArcGIS.framework */,
				E1750BAC1559B0F600C50929 /* CoreLocation.framework */,
				E1750BAD1559B0F600C50929 /* CoreText.framework */,
				E1750BAE1559B0F600C50929 /* libstdc++.dylib */,
				E1750BAF1559B0F600C50929 /* libz.dylib */,
				E1750BB01559B0F600C50929 /* MediaPlayer.framework */,
				E1750BB11559B0F600C50929 /* MobileCoreServices.framework */,
				E1750BB21559B0F600C50929 /* QuartzCore.framework */,
				E1750BB31559B0F600C50929 /* Security.framework */,
				E16C28F915598A5E00E2DB56 /* UIKit.framework */,
				E16C28FB15598A5E00E2DB56 /* Foundation.framework */,
				E16C28FD15598A5E00E2DB56 /* CoreGraphics.framework */,
			);
			name = Frameworks;
			sourceTree = "<group>";
		};
		E16C28FF15598A5E00E2DB56 /* iOSLite */ = {
			isa = PBXGroup;
			children = (
				D94431A7156C1EEC00982D5C /* Helper */,
				D9E27CAF155AE891008F8CCB /* Categories */,
				E16C290815598A5E00E2DB56 /* EDNAppDelegate.h */,
				E16C290915598A5E00E2DB56 /* EDNAppDelegate.m */,
				E16C290B15598A5E00E2DB56 /* MainStoryboard_iPhone.storyboard */,
				E16C290E15598A5E00E2DB56 /* MainStoryboard_iPad.storyboard */,
				E16C291115598A5E00E2DB56 /* EDNViewController.h */,
				E16C291215598A5E00E2DB56 /* EDNViewController.m */,
				E1DCB32D156D455100A30BB2 /* UILabel+EDNAutoSizeMutliline.h */,
				E1DCB32E156D455100A30BB2 /* UILabel+EDNAutoSizeMutliline.m */,
				E16C290015598A5E00E2DB56 /* Supporting Files */,
				D93C98A3156D8CC000A5F339 /* EDNBasemapInfoViewController.h */,
				D93C98A4156D8CC000A5F339 /* EDNBasemapInfoViewController.m */,
			);
			path = iOSLite;
			sourceTree = "<group>";
		};
		E16C290015598A5E00E2DB56 /* Supporting Files */ = {
			isa = PBXGroup;
			children = (
				E16C07CB1559B39C00776F3E /* ArcGIS.bundle */,
				E16C290115598A5E00E2DB56 /* iOSLite-Info.plist */,
				E16C290215598A5E00E2DB56 /* InfoPlist.strings */,
				E16C290515598A5E00E2DB56 /* main.m */,
				E16C290715598A5E00E2DB56 /* iOSLite-Prefix.pch */,
			);
			name = "Supporting Files";
			sourceTree = "<group>";
		};
/* End PBXGroup section */

/* Begin PBXNativeTarget section */
		E16C28F415598A5E00E2DB56 /* iOSLite */ = {
			isa = PBXNativeTarget;
			buildConfigurationList = E16C291615598A5E00E2DB56 /* Build configuration list for PBXNativeTarget "iOSLite" */;
			buildPhases = (
				E16C28F115598A5E00E2DB56 /* Sources */,
				E16C28F215598A5E00E2DB56 /* Frameworks */,
				E16C28F315598A5E00E2DB56 /* Resources */,
			);
			buildRules = (
			);
			dependencies = (
			);
			name = iOSLite;
			productName = iOSLite;
			productReference = E16C28F515598A5E00E2DB56 /* iOSLite.app */;
			productType = "com.apple.product-type.application";
		};
/* End PBXNativeTarget section */

/* Begin PBXProject section */
		E16C28EC15598A5E00E2DB56 /* Project object */ = {
			isa = PBXProject;
			attributes = {
				CLASSPREFIX = EDN;
				LastUpgradeCheck = 0430;
				ORGANIZATIONNAME = ESRI;
			};
			buildConfigurationList = E16C28EF15598A5E00E2DB56 /* Build configuration list for PBXProject "iOSLite" */;
			compatibilityVersion = "Xcode 3.2";
			developmentRegion = English;
			hasScannedForEncodings = 0;
			knownRegions = (
				en,
			);
			mainGroup = E16C28EA15598A5E00E2DB56;
			productRefGroup = E16C28F615598A5E00E2DB56 /* Products */;
			projectDirPath = "";
			projectRoot = "";
			targets = (
				E16C28F415598A5E00E2DB56 /* iOSLite */,
			);
		};
/* End PBXProject section */

/* Begin PBXResourcesBuildPhase section */
		E16C28F315598A5E00E2DB56 /* Resources */ = {
			isa = PBXResourcesBuildPhase;
			buildActionMask = 2147483647;
			files = (
				E16C290415598A5E00E2DB56 /* InfoPlist.strings in Resources */,
				E16C290D15598A5E00E2DB56 /* MainStoryboard_iPhone.storyboard in Resources */,
				E16C291015598A5E00E2DB56 /* MainStoryboard_iPad.storyboard in Resources */,
				E16C07CC1559B39C00776F3E /* ArcGIS.bundle in Resources */,
				D9E27CB8155B1EDB008F8CCB /* LiteMapConfig.plist in Resources */,
			);
			runOnlyForDeploymentPostprocessing = 0;
		};
/* End PBXResourcesBuildPhase section */

/* Begin PBXSourcesBuildPhase section */
		E16C28F115598A5E00E2DB56 /* Sources */ = {
			isa = PBXSourcesBuildPhase;
			buildActionMask = 2147483647;
			files = (
				D9B1044D156D98B900DF6287 /* UILabel+EDNAutoSizeMutliline.m in Sources */,
				E16C290615598A5E00E2DB56 /* main.m in Sources */,
				E16C290A15598A5E00E2DB56 /* EDNAppDelegate.m in Sources */,
				E16C291315598A5E00E2DB56 /* EDNViewController.m in Sources */,
				E16C07D01559B9AA00776F3E /* AGSMapView+Navigation.m in Sources */,
				D9E27CB4155AEA6E008F8CCB /* AGSMapView+Basemaps.m in Sources */,
				D94431A5156BE1FC00982D5C /* EDNLiteHelper.m in Sources */,
				D93C98A5156D8CC000A5F339 /* EDNBasemapInfoViewController.m in Sources */,
			);
			runOnlyForDeploymentPostprocessing = 0;
		};
/* End PBXSourcesBuildPhase section */

/* Begin PBXVariantGroup section */
		E16C290215598A5E00E2DB56 /* InfoPlist.strings */ = {
			isa = PBXVariantGroup;
			children = (
				E16C290315598A5E00E2DB56 /* en */,
			);
			name = InfoPlist.strings;
			sourceTree = "<group>";
		};
		E16C290B15598A5E00E2DB56 /* MainStoryboard_iPhone.storyboard */ = {
			isa = PBXVariantGroup;
			children = (
				E16C290C15598A5E00E2DB56 /* en */,
			);
			name = MainStoryboard_iPhone.storyboard;
			sourceTree = "<group>";
		};
		E16C290E15598A5E00E2DB56 /* MainStoryboard_iPad.storyboard */ = {
			isa = PBXVariantGroup;
			children = (
				E16C290F15598A5E00E2DB56 /* en */,
			);
			name = MainStoryboard_iPad.storyboard;
			sourceTree = "<group>";
		};
/* End PBXVariantGroup section */

/* Begin XCBuildConfiguration section */
		E16C291415598A5E00E2DB56 /* Debug */ = {
			isa = XCBuildConfiguration;
			buildSettings = {
				ALWAYS_SEARCH_USER_PATHS = NO;
				ARCHS = "$(ARCHS_STANDARD_32_BIT)";
				CLANG_ENABLE_OBJC_ARC = YES;
				"CODE_SIGN_IDENTITY[sdk=iphoneos*]" = "iPhone Developer";
				COPY_PHASE_STRIP = NO;
				GCC_C_LANGUAGE_STANDARD = gnu99;
				GCC_DYNAMIC_NO_PIC = NO;
				GCC_OPTIMIZATION_LEVEL = 0;
				GCC_PREPROCESSOR_DEFINITIONS = (
					"DEBUG=1",
					"$(inherited)",
				);
				GCC_SYMBOLS_PRIVATE_EXTERN = NO;
				GCC_VERSION = com.apple.compilers.llvm.clang.1_0;
				GCC_WARN_ABOUT_RETURN_TYPE = YES;
				GCC_WARN_UNINITIALIZED_AUTOS = YES;
				GCC_WARN_UNUSED_VARIABLE = YES;
				IPHONEOS_DEPLOYMENT_TARGET = 5.1;
				SDKROOT = iphoneos;
				TARGETED_DEVICE_FAMILY = "1,2";
			};
			name = Debug;
		};
		E16C291515598A5E00E2DB56 /* Release */ = {
			isa = XCBuildConfiguration;
			buildSettings = {
				ALWAYS_SEARCH_USER_PATHS = NO;
				ARCHS = "$(ARCHS_STANDARD_32_BIT)";
				CLANG_ENABLE_OBJC_ARC = YES;
				"CODE_SIGN_IDENTITY[sdk=iphoneos*]" = "iPhone Developer";
				COPY_PHASE_STRIP = YES;
				GCC_C_LANGUAGE_STANDARD = gnu99;
				GCC_VERSION = com.apple.compilers.llvm.clang.1_0;
				GCC_WARN_ABOUT_RETURN_TYPE = YES;
				GCC_WARN_UNINITIALIZED_AUTOS = YES;
				GCC_WARN_UNUSED_VARIABLE = YES;
				IPHONEOS_DEPLOYMENT_TARGET = 5.1;
				OTHER_CFLAGS = "-DNS_BLOCK_ASSERTIONS=1";
				SDKROOT = iphoneos;
				TARGETED_DEVICE_FAMILY = "1,2";
				VALIDATE_PRODUCT = YES;
			};
			name = Release;
		};
		E16C291715598A5E00E2DB56 /* Debug */ = {
			isa = XCBuildConfiguration;
			buildSettings = {
				FRAMEWORK_SEARCH_PATHS = "$(HOME)/Library/SDKs/ArcGIS/**";
				GCC_PRECOMPILE_PREFIX_HEADER = YES;
				GCC_PREFIX_HEADER = "iOSLite/iOSLite-Prefix.pch";
				INFOPLIST_FILE = "iOSLite/iOSLite-Info.plist";
				ONLY_ACTIVE_ARCH = YES;
				OTHER_LDFLAGS = (
					"-ObjC",
					"-all_load",
				);
				PRODUCT_NAME = "$(TARGET_NAME)";
				WRAPPER_EXTENSION = app;
			};
			name = Debug;
		};
		E16C291815598A5E00E2DB56 /* Release */ = {
			isa = XCBuildConfiguration;
			buildSettings = {
				FRAMEWORK_SEARCH_PATHS = "$(HOME)/Library/SDKs/ArcGIS/**";
				GCC_PRECOMPILE_PREFIX_HEADER = YES;
				GCC_PREFIX_HEADER = "iOSLite/iOSLite-Prefix.pch";
				INFOPLIST_FILE = "iOSLite/iOSLite-Info.plist";
				ONLY_ACTIVE_ARCH = YES;
				OTHER_LDFLAGS = (
					"-ObjC",
					"-all_load",
				);
				PRODUCT_NAME = "$(TARGET_NAME)";
				WRAPPER_EXTENSION = app;
			};
			name = Release;
		};
/* End XCBuildConfiguration section */

/* Begin XCConfigurationList section */
		E16C28EF15598A5E00E2DB56 /* Build configuration list for PBXProject "iOSLite" */ = {
			isa = XCConfigurationList;
			buildConfigurations = (
				E16C291415598A5E00E2DB56 /* Debug */,
				E16C291515598A5E00E2DB56 /* Release */,
			);
			defaultConfigurationIsVisible = 0;
			defaultConfigurationName = Release;
		};
		E16C291615598A5E00E2DB56 /* Build configuration list for PBXNativeTarget "iOSLite" */ = {
			isa = XCConfigurationList;
			buildConfigurations = (
				E16C291715598A5E00E2DB56 /* Debug */,
				E16C291815598A5E00E2DB56 /* Release */,
			);
			defaultConfigurationIsVisible = 0;
			defaultConfigurationName = Release;
		};
/* End XCConfigurationList section */
	};
	rootObject = E16C28EC15598A5E00E2DB56 /* Project object */;
}
