// !$*UTF8*$!
{
	archiveVersion = 1;
	classes = {
	};
	objectVersion = 46;
	objects = {

/* Begin PBXBuildFile section */
		D9086DA0158B90D800FC1D43 /* description.css in Resources */ = {isa = PBXBuildFile; fileRef = D9086D9F158B90D800FC1D43 /* description.css */; };
		D927EBEA15A4D81F008CF54C /* AGSGraphicsLayer+GeneralUtilities.m in Sources */ = {isa = PBXBuildFile; fileRef = D927EBE915A4D81F008CF54C /* AGSGraphicsLayer+GeneralUtilities.m */; };
		D93C98A5156D8CC000A5F339 /* EDNBasemapDetailsViewController.m in Sources */ = {isa = PBXBuildFile; fileRef = D93C98A4156D8CC000A5F339 /* EDNBasemapDetailsViewController.m */; };
		D94431A5156BE1FC00982D5C /* EDNLiteHelper.m in Sources */ = {isa = PBXBuildFile; fileRef = D94431A4156BE1FC00982D5C /* EDNLiteHelper.m */; };
		D950069F156E0C9C00BA872A /* EDNTiledAppleLayer.m in Sources */ = {isa = PBXBuildFile; fileRef = D950069C156E0C9C00BA872A /* EDNTiledAppleLayer.m */; };
		D95006A0156E0C9C00BA872A /* EDNAppleTileOperation.m in Sources */ = {isa = PBXBuildFile; fileRef = D950069E156E0C9C00BA872A /* EDNAppleTileOperation.m */; };
		D9754D7315ACAF840093BF1E /* UIApplication+AppDimensions.m in Sources */ = {isa = PBXBuildFile; fileRef = D9754D7215ACAF830093BF1E /* UIApplication+AppDimensions.m */; };
		D982215B1587C6EB00EF53CC /* 06-map-pin.png in Resources */ = {isa = PBXBuildFile; fileRef = D98221591587C6EB00EF53CC /* 06-map-pin.png */; };
		D982215C1587C6EB00EF53CC /* 06-map-pin@2x.png in Resources */ = {isa = PBXBuildFile; fileRef = D982215A1587C6EB00EF53CC /* 06-map-pin@2x.png */; };
		D98221601587C8DD00EF53CC /* 07-map-marker.png in Resources */ = {isa = PBXBuildFile; fileRef = D982215E1587C8DD00EF53CC /* 07-map-marker.png */; };
		D98221611587C8DD00EF53CC /* 07-map-marker@2x.png in Resources */ = {isa = PBXBuildFile; fileRef = D982215F1587C8DD00EF53CC /* 07-map-marker@2x.png */; };
		D99A58D01576B22A00AB05EE /* AGSLayer+Basemap.m in Sources */ = {isa = PBXBuildFile; fileRef = D99A58CF1576B22A00AB05EE /* AGSLayer+Basemap.m */; };
		D99D987F158950F800F9D36B /* EDNPortalItemsListViewController.m in Sources */ = {isa = PBXBuildFile; fileRef = D99D987D158950F800F9D36B /* EDNPortalItemsListViewController.m */; };
		D99D9880158950F800F9D36B /* EDNPortalItemsListView.xib in Resources */ = {isa = PBXBuildFile; fileRef = D99D987E158950F800F9D36B /* EDNPortalItemsListView.xib */; };
		D9A985B715890C3D00A0DE40 /* EDNPortalItemViewController.m in Sources */ = {isa = PBXBuildFile; fileRef = D9A985B515890C3D00A0DE40 /* EDNPortalItemViewController.m */; };
		D9A985B815890C3D00A0DE40 /* EDNPortalItemView.xib in Resources */ = {isa = PBXBuildFile; fileRef = D9A985B615890C3D00A0DE40 /* EDNPortalItemView.xib */; };
		D9B1044D156D98B900DF6287 /* UILabel+EDNAutoSizeMutliline.m in Sources */ = {isa = PBXBuildFile; fileRef = E1DCB32E156D455100A30BB2 /* UILabel+EDNAutoSizeMutliline.m */; };
		D9E01457158A45A4005DD7D8 /* EDNPortalItemsListView.m in Sources */ = {isa = PBXBuildFile; fileRef = D9E01456158A45A4005DD7D8 /* EDNPortalItemsListView.m */; };
		D9E27C9E155ABDC5008F8CCB /* ArcGIS.framework in Frameworks */ = {isa = PBXBuildFile; fileRef = D9E27C9D155ABDC5008F8CCB /* ArcGIS.framework */; };
		D9E27CB4155AEA6E008F8CCB /* AGSMapView+Basemaps.m in Sources */ = {isa = PBXBuildFile; fileRef = D9E27CB3155AEA6E008F8CCB /* AGSMapView+Basemaps.m */; };
		D9E27CB8155B1EDB008F8CCB /* LiteMapConfig.plist in Resources */ = {isa = PBXBuildFile; fileRef = D9E27CB7155B1EDB008F8CCB /* LiteMapConfig.plist */; };
		D9EAB292156FD1EF008BCE8F /* AGSMapView+RouteDisplay.m in Sources */ = {isa = PBXBuildFile; fileRef = D9EAB291156FD1EE008BCE8F /* AGSMapView+RouteDisplay.m */; };
		D9EAB295156FE0AF008BCE8F /* EDNRouteDisplayHelper.m in Sources */ = {isa = PBXBuildFile; fileRef = D9EAB294156FE0AF008BCE8F /* EDNRouteDisplayHelper.m */; };
		D9F9AE99157D6A9C004CFAA8 /* AGSMapView+GeneralUtilities.m in Sources */ = {isa = PBXBuildFile; fileRef = D9F9AE98157D6A9C004CFAA8 /* AGSMapView+GeneralUtilities.m */; };
		D9F9EE72156DE7FA00C2A15F /* AGSMapView+Graphics.m in Sources */ = {isa = PBXBuildFile; fileRef = D9F9EE71156DE7FA00C2A15F /* AGSMapView+Graphics.m */; };
		E11C2FB41593AC830004EBB6 /* AGSPoint+GeneralUtilities.m in Sources */ = {isa = PBXBuildFile; fileRef = E11C2FB31593AC830004EBB6 /* AGSPoint+GeneralUtilities.m */; };
		E141D0E315DB02CE004F81F4 /* EDNPortalItemView.m in Sources */ = {isa = PBXBuildFile; fileRef = E141D0E215DB02CD004F81F4 /* EDNPortalItemView.m */; };
		E16C07CC1559B39C00776F3E /* ArcGIS.bundle in Resources */ = {isa = PBXBuildFile; fileRef = E16C07CB1559B39C00776F3E /* ArcGIS.bundle */; };
		E16C07D01559B9AA00776F3E /* AGSMapView+Navigation.m in Sources */ = {isa = PBXBuildFile; fileRef = E16C07CF1559B9AA00776F3E /* AGSMapView+Navigation.m */; };
		E16C28FA15598A5E00E2DB56 /* UIKit.framework in Frameworks */ = {isa = PBXBuildFile; fileRef = E16C28F915598A5E00E2DB56 /* UIKit.framework */; };
		E16C28FC15598A5E00E2DB56 /* Foundation.framework in Frameworks */ = {isa = PBXBuildFile; fileRef = E16C28FB15598A5E00E2DB56 /* Foundation.framework */; };
		E16C28FE15598A5E00E2DB56 /* CoreGraphics.framework in Frameworks */ = {isa = PBXBuildFile; fileRef = E16C28FD15598A5E00E2DB56 /* CoreGraphics.framework */; };
		E16C290415598A5E00E2DB56 /* InfoPlist.strings in Resources */ = {isa = PBXBuildFile; fileRef = E16C290215598A5E00E2DB56 /* InfoPlist.strings */; };
		E16C290615598A5E00E2DB56 /* main.m in Sources */ = {isa = PBXBuildFile; fileRef = E16C290515598A5E00E2DB56 /* main.m */; };
		E16C290A15598A5E00E2DB56 /* EDNAppDelegate.m in Sources */ = {isa = PBXBuildFile; fileRef = E16C290915598A5E00E2DB56 /* EDNAppDelegate.m */; };
		E16C290D15598A5E00E2DB56 /* MainStoryboard_iPhone.storyboard in Resources */ = {isa = PBXBuildFile; fileRef = E16C290B15598A5E00E2DB56 /* MainStoryboard_iPhone.storyboard */; };
		E16C291015598A5E00E2DB56 /* MainStoryboard_iPad.storyboard in Resources */ = {isa = PBXBuildFile; fileRef = E16C290E15598A5E00E2DB56 /* MainStoryboard_iPad.storyboard */; };
		E16C291315598A5E00E2DB56 /* EDNViewController.m in Sources */ = {isa = PBXBuildFile; fileRef = E16C291215598A5E00E2DB56 /* EDNViewController.m */; };
		E1750BB41559B0F600C50929 /* CoreLocation.framework in Frameworks */ = {isa = PBXBuildFile; fileRef = E1750BAC1559B0F600C50929 /* CoreLocation.framework */; };
		E1750BB51559B0F600C50929 /* CoreText.framework in Frameworks */ = {isa = PBXBuildFile; fileRef = E1750BAD1559B0F600C50929 /* CoreText.framework */; };
		E1750BB61559B0F600C50929 /* libstdc++.dylib in Frameworks */ = {isa = PBXBuildFile; fileRef = E1750BAE1559B0F600C50929 /* libstdc++.dylib */; };
		E1750BB71559B0F600C50929 /* libz.dylib in Frameworks */ = {isa = PBXBuildFile; fileRef = E1750BAF1559B0F600C50929 /* libz.dylib */; };
		E1750BB81559B0F600C50929 /* MediaPlayer.framework in Frameworks */ = {isa = PBXBuildFile; fileRef = E1750BB01559B0F600C50929 /* MediaPlayer.framework */; };
		E1750BB91559B0F600C50929 /* MobileCoreServices.framework in Frameworks */ = {isa = PBXBuildFile; fileRef = E1750BB11559B0F600C50929 /* MobileCoreServices.framework */; };
		E1750BBA1559B0F600C50929 /* QuartzCore.framework in Frameworks */ = {isa = PBXBuildFile; fileRef = E1750BB21559B0F600C50929 /* QuartzCore.framework */; };
		E1750BBB1559B0F600C50929 /* Security.framework in Frameworks */ = {isa = PBXBuildFile; fileRef = E1750BB31559B0F600C50929 /* Security.framework */; };
		E1812BDC15DC767E00D3325A /* SXTBasemapPickerView.m in Sources */ = {isa = PBXBuildFile; fileRef = E1812BDB15DC767E00D3325A /* SXTBasemapPickerView.m */; };
		E1A5682D15ABAC74004AA6C1 /* AGSStarterGeoServices.m in Sources */ = {isa = PBXBuildFile; fileRef = E1A5682C15ABAC74004AA6C1 /* AGSStarterGeoServices.m */; };
		E1C12A6A15D5542300B1ADCB /* AGSMapView+GeoServices.m in Sources */ = {isa = PBXBuildFile; fileRef = E1C12A6915D5542300B1ADCB /* AGSMapView+GeoServices.m */; };
		E1E1808515DAD2A300BB30DD /* EDNPortalItemsPickerView.xib in Resources */ = {isa = PBXBuildFile; fileRef = E1E1808415DAD2A300BB30DD /* EDNPortalItemsPickerView.xib */; };
		E1E1808E15DAD38400BB30DD /* EDNPortalItemsPickerView.m in Sources */ = {isa = PBXBuildFile; fileRef = E1E1808D15DAD38400BB30DD /* EDNPortalItemsPickerView.m */; };
		E1E1809115DAD43D00BB30DD /* EDNPortalItemsPickerViewController.m in Sources */ = {isa = PBXBuildFile; fileRef = E1E1809015DAD43C00BB30DD /* EDNPortalItemsPickerViewController.m */; };
/* End PBXBuildFile section */

/* Begin PBXFileReference section */
		D9086D9F158B90D800FC1D43 /* description.css */ = {isa = PBXFileReference; fileEncoding = 4; lastKnownFileType = text.css; path = description.css; sourceTree = "<group>"; };
		D927EBE815A4D81F008CF54C /* AGSGraphicsLayer+GeneralUtilities.h */ = {isa = PBXFileReference; fileEncoding = 4; lastKnownFileType = sourcecode.c.h; path = "AGSGraphicsLayer+GeneralUtilities.h"; sourceTree = "<group>"; };
		D927EBE915A4D81F008CF54C /* AGSGraphicsLayer+GeneralUtilities.m */ = {isa = PBXFileReference; fileEncoding = 4; lastKnownFileType = sourcecode.c.objc; path = "AGSGraphicsLayer+GeneralUtilities.m"; sourceTree = "<group>"; };
		D93C98A3156D8CC000A5F339 /* EDNBasemapDetailsViewController.h */ = {isa = PBXFileReference; fileEncoding = 4; lastKnownFileType = sourcecode.c.h; path = EDNBasemapDetailsViewController.h; sourceTree = "<group>"; };
		D93C98A4156D8CC000A5F339 /* EDNBasemapDetailsViewController.m */ = {isa = PBXFileReference; fileEncoding = 4; lastKnownFileType = sourcecode.c.objc; path = EDNBasemapDetailsViewController.m; sourceTree = "<group>"; };
		D94431A3156BE1FC00982D5C /* EDNLiteHelper.h */ = {isa = PBXFileReference; fileEncoding = 4; lastKnownFileType = sourcecode.c.h; path = EDNLiteHelper.h; sourceTree = "<group>"; };
		D94431A4156BE1FC00982D5C /* EDNLiteHelper.m */ = {isa = PBXFileReference; fileEncoding = 4; lastKnownFileType = sourcecode.c.objc; path = EDNLiteHelper.m; sourceTree = "<group>"; };
		D950069B156E0C9C00BA872A /* EDNTiledAppleLayer.h */ = {isa = PBXFileReference; fileEncoding = 4; lastKnownFileType = sourcecode.c.h; path = EDNTiledAppleLayer.h; sourceTree = "<group>"; };
		D950069C156E0C9C00BA872A /* EDNTiledAppleLayer.m */ = {isa = PBXFileReference; fileEncoding = 4; lastKnownFileType = sourcecode.c.objc; path = EDNTiledAppleLayer.m; sourceTree = "<group>"; };
		D950069D156E0C9C00BA872A /* EDNAppleTileOperation.h */ = {isa = PBXFileReference; fileEncoding = 4; lastKnownFileType = sourcecode.c.h; path = EDNAppleTileOperation.h; sourceTree = "<group>"; };
		D950069E156E0C9C00BA872A /* EDNAppleTileOperation.m */ = {isa = PBXFileReference; fileEncoding = 4; lastKnownFileType = sourcecode.c.objc; path = EDNAppleTileOperation.m; sourceTree = "<group>"; };
		D9754D7115ACAF830093BF1E /* UIApplication+AppDimensions.h */ = {isa = PBXFileReference; fileEncoding = 4; lastKnownFileType = sourcecode.c.h; path = "UIApplication+AppDimensions.h"; sourceTree = "<group>"; };
		D9754D7215ACAF830093BF1E /* UIApplication+AppDimensions.m */ = {isa = PBXFileReference; fileEncoding = 4; lastKnownFileType = sourcecode.c.objc; path = "UIApplication+AppDimensions.m"; sourceTree = "<group>"; };
		D98221591587C6EB00EF53CC /* 06-map-pin.png */ = {isa = PBXFileReference; lastKnownFileType = image.png; path = "06-map-pin.png"; sourceTree = "<group>"; };
		D982215A1587C6EB00EF53CC /* 06-map-pin@2x.png */ = {isa = PBXFileReference; lastKnownFileType = image.png; path = "06-map-pin@2x.png"; sourceTree = "<group>"; };
		D982215E1587C8DD00EF53CC /* 07-map-marker.png */ = {isa = PBXFileReference; lastKnownFileType = image.png; path = "07-map-marker.png"; sourceTree = "<group>"; };
		D982215F1587C8DD00EF53CC /* 07-map-marker@2x.png */ = {isa = PBXFileReference; lastKnownFileType = image.png; path = "07-map-marker@2x.png"; sourceTree = "<group>"; };
		D99A58CE1576B22A00AB05EE /* AGSLayer+Basemap.h */ = {isa = PBXFileReference; fileEncoding = 4; lastKnownFileType = sourcecode.c.h; path = "AGSLayer+Basemap.h"; sourceTree = "<group>"; };
		D99A58CF1576B22A00AB05EE /* AGSLayer+Basemap.m */ = {isa = PBXFileReference; fileEncoding = 4; lastKnownFileType = sourcecode.c.objc; path = "AGSLayer+Basemap.m"; sourceTree = "<group>"; };
		D99D987C158950F800F9D36B /* EDNPortalItemsListViewController.h */ = {isa = PBXFileReference; fileEncoding = 4; lastKnownFileType = sourcecode.c.h; path = EDNPortalItemsListViewController.h; sourceTree = "<group>"; };
		D99D987D158950F800F9D36B /* EDNPortalItemsListViewController.m */ = {isa = PBXFileReference; fileEncoding = 4; lastKnownFileType = sourcecode.c.objc; path = EDNPortalItemsListViewController.m; sourceTree = "<group>"; };
		D99D987E158950F800F9D36B /* EDNPortalItemsListView.xib */ = {isa = PBXFileReference; fileEncoding = 4; lastKnownFileType = file.xib; path = EDNPortalItemsListView.xib; sourceTree = "<group>"; };
		D9A985B415890C3D00A0DE40 /* EDNPortalItemViewController.h */ = {isa = PBXFileReference; fileEncoding = 4; lastKnownFileType = sourcecode.c.h; path = EDNPortalItemViewController.h; sourceTree = "<group>"; };
		D9A985B515890C3D00A0DE40 /* EDNPortalItemViewController.m */ = {isa = PBXFileReference; fileEncoding = 4; lastKnownFileType = sourcecode.c.objc; path = EDNPortalItemViewController.m; sourceTree = "<group>"; };
		D9A985B615890C3D00A0DE40 /* EDNPortalItemView.xib */ = {isa = PBXFileReference; fileEncoding = 4; lastKnownFileType = file.xib; path = EDNPortalItemView.xib; sourceTree = "<group>"; };
		D9CCC618156FECBE00EA4353 /* EDNLiteBasemaps.h */ = {isa = PBXFileReference; lastKnownFileType = sourcecode.c.h; path = EDNLiteBasemaps.h; sourceTree = "<group>"; };
		D9E01455158A45A4005DD7D8 /* EDNPortalItemsListView.h */ = {isa = PBXFileReference; fileEncoding = 4; lastKnownFileType = sourcecode.c.h; path = EDNPortalItemsListView.h; sourceTree = "<group>"; };
		D9E01456158A45A4005DD7D8 /* EDNPortalItemsListView.m */ = {isa = PBXFileReference; fileEncoding = 4; lastKnownFileType = sourcecode.c.objc; path = EDNPortalItemsListView.m; sourceTree = "<group>"; };
		D9E27C9D155ABDC5008F8CCB /* ArcGIS.framework */ = {isa = PBXFileReference; lastKnownFileType = wrapper.framework; name = ArcGIS.framework; path = ../../../Library/SDKs/ArcGIS/ArcGIS.framework; sourceTree = "<group>"; };
		D9E27CB2155AEA6E008F8CCB /* AGSMapView+Basemaps.h */ = {isa = PBXFileReference; fileEncoding = 4; lastKnownFileType = sourcecode.c.h; name = "AGSMapView+Basemaps.h"; path = "Basemaps/AGSMapView+Basemaps.h"; sourceTree = "<group>"; };
		D9E27CB3155AEA6E008F8CCB /* AGSMapView+Basemaps.m */ = {isa = PBXFileReference; fileEncoding = 4; lastKnownFileType = sourcecode.c.objc; lineEnding = 0; name = "AGSMapView+Basemaps.m"; path = "Basemaps/AGSMapView+Basemaps.m"; sourceTree = "<group>"; xcLanguageSpecificationIdentifier = xcode.lang.objc; };
		D9E27CB7155B1EDB008F8CCB /* LiteMapConfig.plist */ = {isa = PBXFileReference; fileEncoding = 4; lastKnownFileType = text.plist.xml; name = LiteMapConfig.plist; path = ../LiteMapConfig.plist; sourceTree = "<group>"; };
		D9EAB290156FD1EE008BCE8F /* AGSMapView+RouteDisplay.h */ = {isa = PBXFileReference; fileEncoding = 4; lastKnownFileType = sourcecode.c.h; path = "AGSMapView+RouteDisplay.h"; sourceTree = "<group>"; };
		D9EAB291156FD1EE008BCE8F /* AGSMapView+RouteDisplay.m */ = {isa = PBXFileReference; fileEncoding = 4; lastKnownFileType = sourcecode.c.objc; path = "AGSMapView+RouteDisplay.m"; sourceTree = "<group>"; };
		D9EAB293156FE0AF008BCE8F /* EDNRouteDisplayHelper.h */ = {isa = PBXFileReference; fileEncoding = 4; lastKnownFileType = sourcecode.c.h; path = EDNRouteDisplayHelper.h; sourceTree = "<group>"; };
		D9EAB294156FE0AF008BCE8F /* EDNRouteDisplayHelper.m */ = {isa = PBXFileReference; fileEncoding = 4; lastKnownFileType = sourcecode.c.objc; path = EDNRouteDisplayHelper.m; sourceTree = "<group>"; };
		D9F9AE97157D6A9C004CFAA8 /* AGSMapView+GeneralUtilities.h */ = {isa = PBXFileReference; fileEncoding = 4; lastKnownFileType = sourcecode.c.h; path = "AGSMapView+GeneralUtilities.h"; sourceTree = "<group>"; };
		D9F9AE98157D6A9C004CFAA8 /* AGSMapView+GeneralUtilities.m */ = {isa = PBXFileReference; fileEncoding = 4; lastKnownFileType = sourcecode.c.objc; path = "AGSMapView+GeneralUtilities.m"; sourceTree = "<group>"; };
		D9F9EE70156DE7FA00C2A15F /* AGSMapView+Graphics.h */ = {isa = PBXFileReference; fileEncoding = 4; lastKnownFileType = sourcecode.c.h; path = "AGSMapView+Graphics.h"; sourceTree = "<group>"; };
		D9F9EE71156DE7FA00C2A15F /* AGSMapView+Graphics.m */ = {isa = PBXFileReference; fileEncoding = 4; lastKnownFileType = sourcecode.c.objc; path = "AGSMapView+Graphics.m"; sourceTree = "<group>"; };
		E11C2FB21593AC830004EBB6 /* AGSPoint+GeneralUtilities.h */ = {isa = PBXFileReference; fileEncoding = 4; lastKnownFileType = sourcecode.c.h; path = "AGSPoint+GeneralUtilities.h"; sourceTree = "<group>"; };
		E11C2FB31593AC830004EBB6 /* AGSPoint+GeneralUtilities.m */ = {isa = PBXFileReference; fileEncoding = 4; lastKnownFileType = sourcecode.c.objc; path = "AGSPoint+GeneralUtilities.m"; sourceTree = "<group>"; };
		E141D0E115DB02CD004F81F4 /* EDNPortalItemView.h */ = {isa = PBXFileReference; fileEncoding = 4; lastKnownFileType = sourcecode.c.h; path = EDNPortalItemView.h; sourceTree = "<group>"; };
		E141D0E215DB02CD004F81F4 /* EDNPortalItemView.m */ = {isa = PBXFileReference; fileEncoding = 4; lastKnownFileType = sourcecode.c.objc; path = EDNPortalItemView.m; sourceTree = "<group>"; };
		E16C07CB1559B39C00776F3E /* ArcGIS.bundle */ = {isa = PBXFileReference; lastKnownFileType = "wrapper.plug-in"; name = ArcGIS.bundle; path = ../../../../Library/SDKs/ArcGIS/ArcGIS.framework/Versions/Current/Resources/ArcGIS.bundle; sourceTree = "<group>"; };
		E16C07CE1559B9AA00776F3E /* AGSMapView+Navigation.h */ = {isa = PBXFileReference; fileEncoding = 4; lastKnownFileType = sourcecode.c.h; name = "AGSMapView+Navigation.h"; path = "Navigation/AGSMapView+Navigation.h"; sourceTree = "<group>"; };
		E16C07CF1559B9AA00776F3E /* AGSMapView+Navigation.m */ = {isa = PBXFileReference; fileEncoding = 4; lastKnownFileType = sourcecode.c.objc; name = "AGSMapView+Navigation.m"; path = "Navigation/AGSMapView+Navigation.m"; sourceTree = "<group>"; };
		E16C28F515598A5E00E2DB56 /* iOSLite.app */ = {isa = PBXFileReference; explicitFileType = wrapper.application; includeInIndex = 0; path = iOSLite.app; sourceTree = BUILT_PRODUCTS_DIR; };
		E16C28F915598A5E00E2DB56 /* UIKit.framework */ = {isa = PBXFileReference; lastKnownFileType = wrapper.framework; name = UIKit.framework; path = System/Library/Frameworks/UIKit.framework; sourceTree = SDKROOT; };
		E16C28FB15598A5E00E2DB56 /* Foundation.framework */ = {isa = PBXFileReference; lastKnownFileType = wrapper.framework; name = Foundation.framework; path = System/Library/Frameworks/Foundation.framework; sourceTree = SDKROOT; };
		E16C28FD15598A5E00E2DB56 /* CoreGraphics.framework */ = {isa = PBXFileReference; lastKnownFileType = wrapper.framework; name = CoreGraphics.framework; path = System/Library/Frameworks/CoreGraphics.framework; sourceTree = SDKROOT; };
		E16C290115598A5E00E2DB56 /* iOSLite-Info.plist */ = {isa = PBXFileReference; lastKnownFileType = text.plist.xml; path = "iOSLite-Info.plist"; sourceTree = "<group>"; };
		E16C290315598A5E00E2DB56 /* en */ = {isa = PBXFileReference; lastKnownFileType = text.plist.strings; name = en; path = en.lproj/InfoPlist.strings; sourceTree = "<group>"; };
		E16C290515598A5E00E2DB56 /* main.m */ = {isa = PBXFileReference; lastKnownFileType = sourcecode.c.objc; path = main.m; sourceTree = "<group>"; };
		E16C290715598A5E00E2DB56 /* iOSLite-Prefix.pch */ = {isa = PBXFileReference; lastKnownFileType = sourcecode.c.h; path = "iOSLite-Prefix.pch"; sourceTree = "<group>"; };
		E16C290815598A5E00E2DB56 /* EDNAppDelegate.h */ = {isa = PBXFileReference; lastKnownFileType = sourcecode.c.h; path = EDNAppDelegate.h; sourceTree = "<group>"; };
		E16C290915598A5E00E2DB56 /* EDNAppDelegate.m */ = {isa = PBXFileReference; lastKnownFileType = sourcecode.c.objc; path = EDNAppDelegate.m; sourceTree = "<group>"; };
		E16C290C15598A5E00E2DB56 /* en */ = {isa = PBXFileReference; lastKnownFileType = file.storyboard; name = en; path = en.lproj/MainStoryboard_iPhone.storyboard; sourceTree = "<group>"; };
		E16C290F15598A5E00E2DB56 /* en */ = {isa = PBXFileReference; lastKnownFileType = file.storyboard; name = en; path = en.lproj/MainStoryboard_iPad.storyboard; sourceTree = "<group>"; };
		E16C291115598A5E00E2DB56 /* EDNViewController.h */ = {isa = PBXFileReference; lastKnownFileType = sourcecode.c.h; path = EDNViewController.h; sourceTree = "<group>"; };
		E16C291215598A5E00E2DB56 /* EDNViewController.m */ = {isa = PBXFileReference; lastKnownFileType = sourcecode.c.objc; path = EDNViewController.m; sourceTree = "<group>"; };
		E1750BAC1559B0F600C50929 /* CoreLocation.framework */ = {isa = PBXFileReference; lastKnownFileType = wrapper.framework; name = CoreLocation.framework; path = System/Library/Frameworks/CoreLocation.framework; sourceTree = SDKROOT; };
		E1750BAD1559B0F600C50929 /* CoreText.framework */ = {isa = PBXFileReference; lastKnownFileType = wrapper.framework; name = CoreText.framework; path = System/Library/Frameworks/CoreText.framework; sourceTree = SDKROOT; };
		E1750BAE1559B0F600C50929 /* libstdc++.dylib */ = {isa = PBXFileReference; lastKnownFileType = "compiled.mach-o.dylib"; name = "libstdc++.dylib"; path = "usr/lib/libstdc++.dylib"; sourceTree = SDKROOT; };
		E1750BAF1559B0F600C50929 /* libz.dylib */ = {isa = PBXFileReference; lastKnownFileType = "compiled.mach-o.dylib"; name = libz.dylib; path = usr/lib/libz.dylib; sourceTree = SDKROOT; };
		E1750BB01559B0F600C50929 /* MediaPlayer.framework */ = {isa = PBXFileReference; lastKnownFileType = wrapper.framework; name = MediaPlayer.framework; path = System/Library/Frameworks/MediaPlayer.framework; sourceTree = SDKROOT; };
		E1750BB11559B0F600C50929 /* MobileCoreServices.framework */ = {isa = PBXFileReference; lastKnownFileType = wrapper.framework; name = MobileCoreServices.framework; path = System/Library/Frameworks/MobileCoreServices.framework; sourceTree = SDKROOT; };
		E1750BB21559B0F600C50929 /* QuartzCore.framework */ = {isa = PBXFileReference; lastKnownFileType = wrapper.framework; name = QuartzCore.framework; path = System/Library/Frameworks/QuartzCore.framework; sourceTree = SDKROOT; };
		E1750BB31559B0F600C50929 /* Security.framework */ = {isa = PBXFileReference; lastKnownFileType = wrapper.framework; name = Security.framework; path = System/Library/Frameworks/Security.framework; sourceTree = SDKROOT; };
		E1812BD815DC6FA200D3325A /* EDNPortalItemsListView_int.h */ = {isa = PBXFileReference; lastKnownFileType = sourcecode.c.h; path = EDNPortalItemsListView_int.h; sourceTree = "<group>"; };
		E1812BDA15DC767D00D3325A /* SXTBasemapPickerView.h */ = {isa = PBXFileReference; fileEncoding = 4; lastKnownFileType = sourcecode.c.h; path = SXTBasemapPickerView.h; sourceTree = "<group>"; };
		E1812BDB15DC767E00D3325A /* SXTBasemapPickerView.m */ = {isa = PBXFileReference; fileEncoding = 4; lastKnownFileType = sourcecode.c.objc; path = SXTBasemapPickerView.m; sourceTree = "<group>"; };
		E1A5682B15ABAC74004AA6C1 /* AGSStarterGeoServices.h */ = {isa = PBXFileReference; fileEncoding = 4; lastKnownFileType = sourcecode.c.h; path = AGSStarterGeoServices.h; sourceTree = "<group>"; };
		E1A5682C15ABAC74004AA6C1 /* AGSStarterGeoServices.m */ = {isa = PBXFileReference; fileEncoding = 4; lastKnownFileType = sourcecode.c.objc; path = AGSStarterGeoServices.m; sourceTree = "<group>"; };
		E1C12A6815D5542300B1ADCB /* AGSMapView+GeoServices.h */ = {isa = PBXFileReference; fileEncoding = 4; lastKnownFileType = sourcecode.c.h; path = "AGSMapView+GeoServices.h"; sourceTree = "<group>"; };
		E1C12A6915D5542300B1ADCB /* AGSMapView+GeoServices.m */ = {isa = PBXFileReference; fileEncoding = 4; lastKnownFileType = sourcecode.c.objc; path = "AGSMapView+GeoServices.m"; sourceTree = "<group>"; };
		E1DCB32D156D455100A30BB2 /* UILabel+EDNAutoSizeMutliline.h */ = {isa = PBXFileReference; fileEncoding = 4; lastKnownFileType = sourcecode.c.h; path = "UILabel+EDNAutoSizeMutliline.h"; sourceTree = "<group>"; };
		E1DCB32E156D455100A30BB2 /* UILabel+EDNAutoSizeMutliline.m */ = {isa = PBXFileReference; fileEncoding = 4; lastKnownFileType = sourcecode.c.objc; path = "UILabel+EDNAutoSizeMutliline.m"; sourceTree = "<group>"; };
		E1E1808415DAD2A300BB30DD /* EDNPortalItemsPickerView.xib */ = {isa = PBXFileReference; fileEncoding = 4; lastKnownFileType = file.xib; path = EDNPortalItemsPickerView.xib; sourceTree = "<group>"; };
		E1E1808C15DAD38400BB30DD /* EDNPortalItemsPickerView.h */ = {isa = PBXFileReference; fileEncoding = 4; lastKnownFileType = sourcecode.c.h; path = EDNPortalItemsPickerView.h; sourceTree = "<group>"; };
		E1E1808D15DAD38400BB30DD /* EDNPortalItemsPickerView.m */ = {isa = PBXFileReference; fileEncoding = 4; lastKnownFileType = sourcecode.c.objc; path = EDNPortalItemsPickerView.m; sourceTree = "<group>"; };
		E1E1808F15DAD43C00BB30DD /* EDNPortalItemsPickerViewController.h */ = {isa = PBXFileReference; fileEncoding = 4; lastKnownFileType = sourcecode.c.h; path = EDNPortalItemsPickerViewController.h; sourceTree = "<group>"; };
		E1E1809015DAD43C00BB30DD /* EDNPortalItemsPickerViewController.m */ = {isa = PBXFileReference; fileEncoding = 4; lastKnownFileType = sourcecode.c.objc; path = EDNPortalItemsPickerViewController.m; sourceTree = "<group>"; };
/* End PBXFileReference section */

/* Begin PBXFrameworksBuildPhase section */
		E16C28F215598A5E00E2DB56 /* Frameworks */ = {
			isa = PBXFrameworksBuildPhase;
			buildActionMask = 2147483647;
			files = (
				D9E27C9E155ABDC5008F8CCB /* ArcGIS.framework in Frameworks */,
				E1750BB41559B0F600C50929 /* CoreLocation.framework in Frameworks */,
				E1750BB51559B0F600C50929 /* CoreText.framework in Frameworks */,
				E1750BB61559B0F600C50929 /* libstdc++.dylib in Frameworks */,
				E1750BB71559B0F600C50929 /* libz.dylib in Frameworks */,
				E1750BB81559B0F600C50929 /* MediaPlayer.framework in Frameworks */,
				E1750BB91559B0F600C50929 /* MobileCoreServices.framework in Frameworks */,
				E1750BBA1559B0F600C50929 /* QuartzCore.framework in Frameworks */,
				E1750BBB1559B0F600C50929 /* Security.framework in Frameworks */,
				E16C28FA15598A5E00E2DB56 /* UIKit.framework in Frameworks */,
				E16C28FC15598A5E00E2DB56 /* Foundation.framework in Frameworks */,
				E16C28FE15598A5E00E2DB56 /* CoreGraphics.framework in Frameworks */,
			);
			runOnlyForDeploymentPostprocessing = 0;
		};
/* End PBXFrameworksBuildPhase section */

/* Begin PBXGroup section */
		D9086D9E158B90C500FC1D43 /* Resources */ = {
			isa = PBXGroup;
			children = (
				D9086D9F158B90D800FC1D43 /* description.css */,
			);
			name = Resources;
			sourceTree = "<group>";
		};
		D94431A7156C1EEC00982D5C /* Helper */ = {
			isa = PBXGroup;
			children = (
				D94431A3156BE1FC00982D5C /* EDNLiteHelper.h */,
				D94431A4156BE1FC00982D5C /* EDNLiteHelper.m */,
				E1C12A6C15D5936500B1ADCB /* Resources */,
			);
			name = Helper;
			sourceTree = "<group>";
		};
		D95006A2156E0CA100BA872A /* AppleOSMLayer */ = {
			isa = PBXGroup;
			children = (
				D950069B156E0C9C00BA872A /* EDNTiledAppleLayer.h */,
				D950069C156E0C9C00BA872A /* EDNTiledAppleLayer.m */,
				D950069D156E0C9C00BA872A /* EDNAppleTileOperation.h */,
				D950069E156E0C9C00BA872A /* EDNAppleTileOperation.m */,
			);
			name = AppleOSMLayer;
			sourceTree = "<group>";
		};
		D9E27CAF155AE891008F8CCB /* AGS Categories */ = {
			isa = PBXGroup;
			children = (
				E1C12A6815D5542300B1ADCB /* AGSMapView+GeoServices.h */,
				E1C12A6915D5542300B1ADCB /* AGSMapView+GeoServices.m */,
				D9FB2CD5156EF6ED0052E2AC /* Route Display */,
				D9F9EE6F156DE7DA00C2A15F /* Graphics */,
				D9E27CB1155AEA4D008F8CCB /* Basemaps */,
				E16C07CD1559B96900776F3E /* Navigation */,
				D9F9AE96157D6A76004CFAA8 /* General */,
			);
			name = "AGS Categories";
			sourceTree = "<group>";
		};
		D9E27CB1155AEA4D008F8CCB /* Basemaps */ = {
			isa = PBXGroup;
			children = (
				D9E27CB2155AEA6E008F8CCB /* AGSMapView+Basemaps.h */,
				D9E27CB3155AEA6E008F8CCB /* AGSMapView+Basemaps.m */,
				D99A58CE1576B22A00AB05EE /* AGSLayer+Basemap.h */,
				D99A58CF1576B22A00AB05EE /* AGSLayer+Basemap.m */,
			);
			name = Basemaps;
			sourceTree = "<group>";
		};
		D9F9AE96157D6A76004CFAA8 /* General */ = {
			isa = PBXGroup;
			children = (
				D9F9AE97157D6A9C004CFAA8 /* AGSMapView+GeneralUtilities.h */,
				D9F9AE98157D6A9C004CFAA8 /* AGSMapView+GeneralUtilities.m */,
				E11C2FB21593AC830004EBB6 /* AGSPoint+GeneralUtilities.h */,
				E11C2FB31593AC830004EBB6 /* AGSPoint+GeneralUtilities.m */,
				D927EBE815A4D81F008CF54C /* AGSGraphicsLayer+GeneralUtilities.h */,
				D927EBE915A4D81F008CF54C /* AGSGraphicsLayer+GeneralUtilities.m */,
			);
			name = General;
			sourceTree = "<group>";
		};
		D9F9EE6F156DE7DA00C2A15F /* Graphics */ = {
			isa = PBXGroup;
			children = (
				D9F9EE70156DE7FA00C2A15F /* AGSMapView+Graphics.h */,
				D9F9EE71156DE7FA00C2A15F /* AGSMapView+Graphics.m */,
			);
			name = Graphics;
			sourceTree = "<group>";
		};
		D9F9EE77156DFD3200C2A15F /* Images */ = {
			isa = PBXGroup;
			children = (
				D98221591587C6EB00EF53CC /* 06-map-pin.png */,
				D982215A1587C6EB00EF53CC /* 06-map-pin@2x.png */,
				D982215E1587C8DD00EF53CC /* 07-map-marker.png */,
				D982215F1587C8DD00EF53CC /* 07-map-marker@2x.png */,
			);
			name = Images;
			sourceTree = "<group>";
		};
		D9FB2CD5156EF6ED0052E2AC /* Route Display */ = {
			isa = PBXGroup;
			children = (
				D9EAB290156FD1EE008BCE8F /* AGSMapView+RouteDisplay.h */,
				D9EAB291156FD1EE008BCE8F /* AGSMapView+RouteDisplay.m */,
				D9EAB293156FE0AF008BCE8F /* EDNRouteDisplayHelper.h */,
				D9EAB294156FE0AF008BCE8F /* EDNRouteDisplayHelper.m */,
			);
			name = "Route Display";
			sourceTree = "<group>";
		};
		E16C07CD1559B96900776F3E /* Navigation */ = {
			isa = PBXGroup;
			children = (
				E16C07CE1559B9AA00776F3E /* AGSMapView+Navigation.h */,
				E16C07CF1559B9AA00776F3E /* AGSMapView+Navigation.m */,
			);
			name = Navigation;
			sourceTree = "<group>";
		};
		E16C28EA15598A5E00E2DB56 = {
			isa = PBXGroup;
			children = (
				E16C28FF15598A5E00E2DB56 /* iOSLite */,
				E16C28F815598A5E00E2DB56 /* Frameworks */,
				E16C28F615598A5E00E2DB56 /* Products */,
			);
			sourceTree = "<group>";
		};
		E16C28F615598A5E00E2DB56 /* Products */ = {
			isa = PBXGroup;
			children = (
				E16C28F515598A5E00E2DB56 /* iOSLite.app */,
			);
			name = Products;
			sourceTree = "<group>";
		};
		E16C28F815598A5E00E2DB56 /* Frameworks */ = {
			isa = PBXGroup;
			children = (
				D9E27C9D155ABDC5008F8CCB /* ArcGIS.framework */,
				E1750BAC1559B0F600C50929 /* CoreLocation.framework */,
				E1750BAD1559B0F600C50929 /* CoreText.framework */,
				E1750BAE1559B0F600C50929 /* libstdc++.dylib */,
				E1750BAF1559B0F600C50929 /* libz.dylib */,
				E1750BB01559B0F600C50929 /* MediaPlayer.framework */,
				E1750BB11559B0F600C50929 /* MobileCoreServices.framework */,
				E1750BB21559B0F600C50929 /* QuartzCore.framework */,
				E1750BB31559B0F600C50929 /* Security.framework */,
				E16C28F915598A5E00E2DB56 /* UIKit.framework */,
				E16C28FB15598A5E00E2DB56 /* Foundation.framework */,
				E16C28FD15598A5E00E2DB56 /* CoreGraphics.framework */,
			);
			name = Frameworks;
			sourceTree = "<group>";
		};
		E16C28FF15598A5E00E2DB56 /* iOSLite */ = {
			isa = PBXGroup;
			children = (
				D9CCC618156FECBE00EA4353 /* EDNLiteBasemaps.h */,
				D94431A7156C1EEC00982D5C /* Helper */,
				D9E27CAF155AE891008F8CCB /* AGS Categories */,
				E1A5682B15ABAC74004AA6C1 /* AGSStarterGeoServices.h */,
				E1A5682C15ABAC74004AA6C1 /* AGSStarterGeoServices.m */,
				E16C290815598A5E00E2DB56 /* EDNAppDelegate.h */,
				E16C290915598A5E00E2DB56 /* EDNAppDelegate.m */,
				E16C291115598A5E00E2DB56 /* EDNViewController.h */,
				E16C291215598A5E00E2DB56 /* EDNViewController.m */,
				E1AC7B8615D2E8EA00E4E1BE /* UI */,
				E16C290015598A5E00E2DB56 /* Supporting Files */,
				D95006A2156E0CA100BA872A /* AppleOSMLayer */,
			);
			path = iOSLite;
			sourceTree = "<group>";
		};
		E16C290015598A5E00E2DB56 /* Supporting Files */ = {
			isa = PBXGroup;
			children = (
				D9F9EE77156DFD3200C2A15F /* Images */,
				E16C07CB1559B39C00776F3E /* ArcGIS.bundle */,
				E16C290115598A5E00E2DB56 /* iOSLite-Info.plist */,
				E16C290215598A5E00E2DB56 /* InfoPlist.strings */,
				E16C290515598A5E00E2DB56 /* main.m */,
				E16C290715598A5E00E2DB56 /* iOSLite-Prefix.pch */,
			);
			name = "Supporting Files";
			sourceTree = "<group>";
		};
		E185887715D9C4020015414B /* Categories */ = {
			isa = PBXGroup;
			children = (
				D9754D7115ACAF830093BF1E /* UIApplication+AppDimensions.h */,
				D9754D7215ACAF830093BF1E /* UIApplication+AppDimensions.m */,
			);
			name = Categories;
			sourceTree = "<group>";
		};
		E1AC7B8615D2E8EA00E4E1BE /* UI */ = {
			isa = PBXGroup;
			children = (
				E16C290B15598A5E00E2DB56 /* MainStoryboard_iPhone.storyboard */,
				E16C290E15598A5E00E2DB56 /* MainStoryboard_iPad.storyboard */,
				D93C98A3156D8CC000A5F339 /* EDNBasemapDetailsViewController.h */,
				D93C98A4156D8CC000A5F339 /* EDNBasemapDetailsViewController.m */,
				E1812BDA15DC767D00D3325A /* SXTBasemapPickerView.h */,
				E1812BDB15DC767E00D3325A /* SXTBasemapPickerView.m */,
				E1AC7B8815D2E91E00E4E1BE /* PortalItem Selector */,
				E185887715D9C4020015414B /* Categories */,
			);
			name = UI;
			sourceTree = "<group>";
		};
		E1AC7B8815D2E91E00E4E1BE /* PortalItem Selector */ = {
			isa = PBXGroup;
			children = (
				E1E1808415DAD2A300BB30DD /* EDNPortalItemsPickerView.xib */,
				E1E1808C15DAD38400BB30DD /* EDNPortalItemsPickerView.h */,
				E1E1808D15DAD38400BB30DD /* EDNPortalItemsPickerView.m */,
				E1E1808F15DAD43C00BB30DD /* EDNPortalItemsPickerViewController.h */,
				E1E1809015DAD43C00BB30DD /* EDNPortalItemsPickerViewController.m */,
				D99D987E158950F800F9D36B /* EDNPortalItemsListView.xib */,
				D9E01455158A45A4005DD7D8 /* EDNPortalItemsListView.h */,
				E1812BD815DC6FA200D3325A /* EDNPortalItemsListView_int.h */,
				D9E01456158A45A4005DD7D8 /* EDNPortalItemsListView.m */,
				D99D987C158950F800F9D36B /* EDNPortalItemsListViewController.h */,
				D99D987D158950F800F9D36B /* EDNPortalItemsListViewController.m */,
				D9A985B615890C3D00A0DE40 /* EDNPortalItemView.xib */,
				E141D0E115DB02CD004F81F4 /* EDNPortalItemView.h */,
				E141D0E215DB02CD004F81F4 /* EDNPortalItemView.m */,
				D9A985B415890C3D00A0DE40 /* EDNPortalItemViewController.h */,
				D9A985B515890C3D00A0DE40 /* EDNPortalItemViewController.m */,
				E1E1809215DAEC2100BB30DD /* Categories */,
				D9086D9E158B90C500FC1D43 /* Resources */,
			);
			name = "PortalItem Selector";
			sourceTree = "<group>";
		};
		E1C12A6C15D5936500B1ADCB /* Resources */ = {
			isa = PBXGroup;
			children = (
				D9E27CB7155B1EDB008F8CCB /* LiteMapConfig.plist */,
			);
			name = Resources;
			sourceTree = "<group>";
		};
		E1E1809215DAEC2100BB30DD /* Categories */ = {
			isa = PBXGroup;
			children = (
				E1DCB32D156D455100A30BB2 /* UILabel+EDNAutoSizeMutliline.h */,
				E1DCB32E156D455100A30BB2 /* UILabel+EDNAutoSizeMutliline.m */,
			);
			name = Categories;
			sourceTree = "<group>";
		};
/* End PBXGroup section */

/* Begin PBXNativeTarget section */
		E16C28F415598A5E00E2DB56 /* iOSLite */ = {
			isa = PBXNativeTarget;
			buildConfigurationList = E16C291615598A5E00E2DB56 /* Build configuration list for PBXNativeTarget "iOSLite" */;
			buildPhases = (
				E16C28F115598A5E00E2DB56 /* Sources */,
				E16C28F215598A5E00E2DB56 /* Frameworks */,
				E16C28F315598A5E00E2DB56 /* Resources */,
			);
			buildRules = (
			);
			dependencies = (
			);
			name = iOSLite;
			productName = iOSLite;
			productReference = E16C28F515598A5E00E2DB56 /* iOSLite.app */;
			productType = "com.apple.product-type.application";
		};
/* End PBXNativeTarget section */

/* Begin PBXProject section */
		E16C28EC15598A5E00E2DB56 /* Project object */ = {
			isa = PBXProject;
			attributes = {
				CLASSPREFIX = EDN;
				LastUpgradeCheck = 0440;
				ORGANIZATIONNAME = ESRI;
			};
			buildConfigurationList = E16C28EF15598A5E00E2DB56 /* Build configuration list for PBXProject "iOSLite" */;
			compatibilityVersion = "Xcode 3.2";
			developmentRegion = English;
			hasScannedForEncodings = 0;
			knownRegions = (
				en,
			);
			mainGroup = E16C28EA15598A5E00E2DB56;
			productRefGroup = E16C28F615598A5E00E2DB56 /* Products */;
			projectDirPath = "";
			projectRoot = "";
			targets = (
				E16C28F415598A5E00E2DB56 /* iOSLite */,
			);
		};
/* End PBXProject section */

/* Begin PBXResourcesBuildPhase section */
		E16C28F315598A5E00E2DB56 /* Resources */ = {
			isa = PBXResourcesBuildPhase;
			buildActionMask = 2147483647;
			files = (
				E16C290415598A5E00E2DB56 /* InfoPlist.strings in Resources */,
				E16C290D15598A5E00E2DB56 /* MainStoryboard_iPhone.storyboard in Resources */,
				E16C291015598A5E00E2DB56 /* MainStoryboard_iPad.storyboard in Resources */,
				E16C07CC1559B39C00776F3E /* ArcGIS.bundle in Resources */,
				D9E27CB8155B1EDB008F8CCB /* LiteMapConfig.plist in Resources */,
				D982215B1587C6EB00EF53CC /* 06-map-pin.png in Resources */,
				D982215C1587C6EB00EF53CC /* 06-map-pin@2x.png in Resources */,
				D98221601587C8DD00EF53CC /* 07-map-marker.png in Resources */,
				D98221611587C8DD00EF53CC /* 07-map-marker@2x.png in Resources */,
				D9A985B815890C3D00A0DE40 /* EDNPortalItemView.xib in Resources */,
				D99D9880158950F800F9D36B /* EDNPortalItemsListView.xib in Resources */,
				D9086DA0158B90D800FC1D43 /* description.css in Resources */,
				E1E1808515DAD2A300BB30DD /* EDNPortalItemsPickerView.xib in Resources */,
			);
			runOnlyForDeploymentPostprocessing = 0;
		};
/* End PBXResourcesBuildPhase section */

/* Begin PBXSourcesBuildPhase section */
		E16C28F115598A5E00E2DB56 /* Sources */ = {
			isa = PBXSourcesBuildPhase;
			buildActionMask = 2147483647;
			files = (
				D9B1044D156D98B900DF6287 /* UILabel+EDNAutoSizeMutliline.m in Sources */,
				E16C290615598A5E00E2DB56 /* main.m in Sources */,
				E16C290A15598A5E00E2DB56 /* EDNAppDelegate.m in Sources */,
				E16C291315598A5E00E2DB56 /* EDNViewController.m in Sources */,
				E16C07D01559B9AA00776F3E /* AGSMapView+Navigation.m in Sources */,
				D9E27CB4155AEA6E008F8CCB /* AGSMapView+Basemaps.m in Sources */,
				D94431A5156BE1FC00982D5C /* EDNLiteHelper.m in Sources */,
				D93C98A5156D8CC000A5F339 /* EDNBasemapDetailsViewController.m in Sources */,
				D9F9EE72156DE7FA00C2A15F /* AGSMapView+Graphics.m in Sources */,
				D950069F156E0C9C00BA872A /* EDNTiledAppleLayer.m in Sources */,
				D95006A0156E0C9C00BA872A /* EDNAppleTileOperation.m in Sources */,
				D9EAB292156FD1EF008BCE8F /* AGSMapView+RouteDisplay.m in Sources */,
				D9EAB295156FE0AF008BCE8F /* EDNRouteDisplayHelper.m in Sources */,
				D99A58D01576B22A00AB05EE /* AGSLayer+Basemap.m in Sources */,
				D9F9AE99157D6A9C004CFAA8 /* AGSMapView+GeneralUtilities.m in Sources */,
				D9A985B715890C3D00A0DE40 /* EDNPortalItemViewController.m in Sources */,
				D99D987F158950F800F9D36B /* EDNPortalItemsListViewController.m in Sources */,
				D9E01457158A45A4005DD7D8 /* EDNPortalItemsListView.m in Sources */,
				E11C2FB41593AC830004EBB6 /* AGSPoint+GeneralUtilities.m in Sources */,
				D927EBEA15A4D81F008CF54C /* AGSGraphicsLayer+GeneralUtilities.m in Sources */,
				E1A5682D15ABAC74004AA6C1 /* AGSStarterGeoServices.m in Sources */,
				D9754D7315ACAF840093BF1E /* UIApplication+AppDimensions.m in Sources */,
				E1C12A6A15D5542300B1ADCB /* AGSMapView+GeoServices.m in Sources */,
				E1E1808E15DAD38400BB30DD /* EDNPortalItemsPickerView.m in Sources */,
				E1E1809115DAD43D00BB30DD /* EDNPortalItemsPickerViewController.m in Sources */,
				E141D0E315DB02CE004F81F4 /* EDNPortalItemView.m in Sources */,
				E1812BDC15DC767E00D3325A /* SXTBasemapPickerView.m in Sources */,
			);
			runOnlyForDeploymentPostprocessing = 0;
		};
/* End PBXSourcesBuildPhase section */

/* Begin PBXVariantGroup section */
		E16C290215598A5E00E2DB56 /* InfoPlist.strings */ = {
			isa = PBXVariantGroup;
			children = (
				E16C290315598A5E00E2DB56 /* en */,
			);
			name = InfoPlist.strings;
			sourceTree = "<group>";
		};
		E16C290B15598A5E00E2DB56 /* MainStoryboard_iPhone.storyboard */ = {
			isa = PBXVariantGroup;
			children = (
				E16C290C15598A5E00E2DB56 /* en */,
			);
			name = MainStoryboard_iPhone.storyboard;
			sourceTree = "<group>";
		};
		E16C290E15598A5E00E2DB56 /* MainStoryboard_iPad.storyboard */ = {
			isa = PBXVariantGroup;
			children = (
				E16C290F15598A5E00E2DB56 /* en */,
			);
			name = MainStoryboard_iPad.storyboard;
			sourceTree = "<group>";
		};
/* End PBXVariantGroup section */

/* Begin XCBuildConfiguration section */
		E16C291415598A5E00E2DB56 /* Debug */ = {
			isa = XCBuildConfiguration;
			buildSettings = {
				ALWAYS_SEARCH_USER_PATHS = NO;
				ARCHS = "$(ARCHS_STANDARD_32_BIT)";
				CLANG_ENABLE_OBJC_ARC = YES;
				"CODE_SIGN_IDENTITY[sdk=iphoneos*]" = "iPhone Developer";
				COPY_PHASE_STRIP = NO;
				GCC_C_LANGUAGE_STANDARD = gnu99;
				GCC_DYNAMIC_NO_PIC = NO;
				GCC_OPTIMIZATION_LEVEL = 0;
				GCC_PREPROCESSOR_DEFINITIONS = (
					"DEBUG=1",
					"$(inherited)",
				);
				GCC_SYMBOLS_PRIVATE_EXTERN = NO;
				GCC_VERSION = com.apple.compilers.llvm.clang.1_0;
				GCC_WARN_ABOUT_RETURN_TYPE = YES;
				GCC_WARN_UNINITIALIZED_AUTOS = YES;
				GCC_WARN_UNUSED_VARIABLE = YES;
				IPHONEOS_DEPLOYMENT_TARGET = 5.1;
				SDKROOT = iphoneos;
				TARGETED_DEVICE_FAMILY = "1,2";
			};
			name = Debug;
		};
		E16C291515598A5E00E2DB56 /* Release */ = {
			isa = XCBuildConfiguration;
			buildSettings = {
				ALWAYS_SEARCH_USER_PATHS = NO;
				ARCHS = "$(ARCHS_STANDARD_32_BIT)";
				CLANG_ENABLE_OBJC_ARC = YES;
				"CODE_SIGN_IDENTITY[sdk=iphoneos*]" = "iPhone Developer";
				COPY_PHASE_STRIP = YES;
				GCC_C_LANGUAGE_STANDARD = gnu99;
				GCC_VERSION = com.apple.compilers.llvm.clang.1_0;
				GCC_WARN_ABOUT_RETURN_TYPE = YES;
				GCC_WARN_UNINITIALIZED_AUTOS = YES;
				GCC_WARN_UNUSED_VARIABLE = YES;
				IPHONEOS_DEPLOYMENT_TARGET = 5.1;
				OTHER_CFLAGS = "-DNS_BLOCK_ASSERTIONS=1";
				SDKROOT = iphoneos;
				TARGETED_DEVICE_FAMILY = "1,2";
				VALIDATE_PRODUCT = YES;
			};
			name = Release;
		};
		E16C291715598A5E00E2DB56 /* Debug */ = {
			isa = XCBuildConfiguration;
			buildSettings = {
				FRAMEWORK_SEARCH_PATHS = "$(HOME)/Library/SDKs/ArcGIS/**";
				GCC_PRECOMPILE_PREFIX_HEADER = YES;
				GCC_PREFIX_HEADER = "iOSLite/iOSLite-Prefix.pch";
				INFOPLIST_FILE = "iOSLite/iOSLite-Info.plist";
				ONLY_ACTIVE_ARCH = YES;
				OTHER_LDFLAGS = (
					"-ObjC",
					"-all_load",
				);
				PRODUCT_NAME = "$(TARGET_NAME)";
				WRAPPER_EXTENSION = app;
			};
			name = Debug;
		};
		E16C291815598A5E00E2DB56 /* Release */ = {
			isa = XCBuildConfiguration;
			buildSettings = {
				FRAMEWORK_SEARCH_PATHS = "$(HOME)/Library/SDKs/ArcGIS/**";
				GCC_PRECOMPILE_PREFIX_HEADER = YES;
				GCC_PREFIX_HEADER = "iOSLite/iOSLite-Prefix.pch";
				INFOPLIST_FILE = "iOSLite/iOSLite-Info.plist";
				ONLY_ACTIVE_ARCH = YES;
				OTHER_LDFLAGS = (
					"-ObjC",
					"-all_load",
				);
				PRODUCT_NAME = "$(TARGET_NAME)";
				WRAPPER_EXTENSION = app;
			};
			name = Release;
		};
/* End XCBuildConfiguration section */

/* Begin XCConfigurationList section */
		E16C28EF15598A5E00E2DB56 /* Build configuration list for PBXProject "iOSLite" */ = {
			isa = XCConfigurationList;
			buildConfigurations = (
				E16C291415598A5E00E2DB56 /* Debug */,
				E16C291515598A5E00E2DB56 /* Release */,
			);
			defaultConfigurationIsVisible = 0;
			defaultConfigurationName = Release;
		};
		E16C291615598A5E00E2DB56 /* Build configuration list for PBXNativeTarget "iOSLite" */ = {
			isa = XCConfigurationList;
			buildConfigurations = (
				E16C291715598A5E00E2DB56 /* Debug */,
				E16C291815598A5E00E2DB56 /* Release */,
			);
			defaultConfigurationIsVisible = 0;
			defaultConfigurationName = Release;
		};
/* End XCConfigurationList section */
	};
	rootObject = E16C28EC15598A5E00E2DB56 /* Project object */;
}
