// !$*UTF8*$!
{
	archiveVersion = 1;
	classes = {
	};
	objectVersion = 46;
	objects = {

/* Begin PBXBuildFile section */
		E16C28FA15598A5E00E2DB56 /* UIKit.framework in Frameworks */ = {isa = PBXBuildFile; fileRef = E16C28F915598A5E00E2DB56 /* UIKit.framework */; };
		E16C28FC15598A5E00E2DB56 /* Foundation.framework in Frameworks */ = {isa = PBXBuildFile; fileRef = E16C28FB15598A5E00E2DB56 /* Foundation.framework */; };
		E16C28FE15598A5E00E2DB56 /* CoreGraphics.framework in Frameworks */ = {isa = PBXBuildFile; fileRef = E16C28FD15598A5E00E2DB56 /* CoreGraphics.framework */; };
		E16C290415598A5E00E2DB56 /* InfoPlist.strings in Resources */ = {isa = PBXBuildFile; fileRef = E16C290215598A5E00E2DB56 /* InfoPlist.strings */; };
		E16C290615598A5E00E2DB56 /* main.m in Sources */ = {isa = PBXBuildFile; fileRef = E16C290515598A5E00E2DB56 /* main.m */; };
		E16C290A15598A5E00E2DB56 /* EDNAppDelegate.m in Sources */ = {isa = PBXBuildFile; fileRef = E16C290915598A5E00E2DB56 /* EDNAppDelegate.m */; };
		E16C290D15598A5E00E2DB56 /* MainStoryboard_iPhone.storyboard in Resources */ = {isa = PBXBuildFile; fileRef = E16C290B15598A5E00E2DB56 /* MainStoryboard_iPhone.storyboard */; };
		E16C291015598A5E00E2DB56 /* MainStoryboard_iPad.storyboard in Resources */ = {isa = PBXBuildFile; fileRef = E16C290E15598A5E00E2DB56 /* MainStoryboard_iPad.storyboard */; };
		E16C291315598A5E00E2DB56 /* EDNViewController.m in Sources */ = {isa = PBXBuildFile; fileRef = E16C291215598A5E00E2DB56 /* EDNViewController.m */; };
/* End PBXBuildFile section */

/* Begin PBXFileReference section */
		E16C28F515598A5E00E2DB56 /* iOSLite.app */ = {isa = PBXFileReference; explicitFileType = wrapper.application; includeInIndex = 0; path = iOSLite.app; sourceTree = BUILT_PRODUCTS_DIR; };
		E16C28F915598A5E00E2DB56 /* UIKit.framework */ = {isa = PBXFileReference; lastKnownFileType = wrapper.framework; name = UIKit.framework; path = System/Library/Frameworks/UIKit.framework; sourceTree = SDKROOT; };
		E16C28FB15598A5E00E2DB56 /* Foundation.framework */ = {isa = PBXFileReference; lastKnownFileType = wrapper.framework; name = Foundation.framework; path = System/Library/Frameworks/Foundation.framework; sourceTree = SDKROOT; };
		E16C28FD15598A5E00E2DB56 /* CoreGraphics.framework */ = {isa = PBXFileReference; lastKnownFileType = wrapper.framework; name = CoreGraphics.framework; path = System/Library/Frameworks/CoreGraphics.framework; sourceTree = SDKROOT; };
		E16C290115598A5E00E2DB56 /* iOSLite-Info.plist */ = {isa = PBXFileReference; lastKnownFileType = text.plist.xml; path = "iOSLite-Info.plist"; sourceTree = "<group>"; };
		E16C290315598A5E00E2DB56 /* en */ = {isa = PBXFileReference; lastKnownFileType = text.plist.strings; name = en; path = en.lproj/InfoPlist.strings; sourceTree = "<group>"; };
		E16C290515598A5E00E2DB56 /* main.m */ = {isa = PBXFileReference; lastKnownFileType = sourcecode.c.objc; path = main.m; sourceTree = "<group>"; };
		E16C290715598A5E00E2DB56 /* iOSLite-Prefix.pch */ = {isa = PBXFileReference; lastKnownFileType = sourcecode.c.h; path = "iOSLite-Prefix.pch"; sourceTree = "<group>"; };
		E16C290815598A5E00E2DB56 /* EDNAppDelegate.h */ = {isa = PBXFileReference; lastKnownFileType = sourcecode.c.h; path = EDNAppDelegate.h; sourceTree = "<group>"; };
		E16C290915598A5E00E2DB56 /* EDNAppDelegate.m */ = {isa = PBXFileReference; lastKnownFileType = sourcecode.c.objc; path = EDNAppDelegate.m; sourceTree = "<group>"; };
		E16C290C15598A5E00E2DB56 /* en */ = {isa = PBXFileReference; lastKnownFileType = file.storyboard; name = en; path = en.lproj/MainStoryboard_iPhone.storyboard; sourceTree = "<group>"; };
		E16C290F15598A5E00E2DB56 /* en */ = {isa = PBXFileReference; lastKnownFileType = file.storyboard; name = en; path = en.lproj/MainStoryboard_iPad.storyboard; sourceTree = "<group>"; };
		E16C291115598A5E00E2DB56 /* EDNViewController.h */ = {isa = PBXFileReference; lastKnownFileType = sourcecode.c.h; path = EDNViewController.h; sourceTree = "<group>"; };
		E16C291215598A5E00E2DB56 /* EDNViewController.m */ = {isa = PBXFileReference; lastKnownFileType = sourcecode.c.objc; path = EDNViewController.m; sourceTree = "<group>"; };
/* End PBXFileReference section */

/* Begin PBXFrameworksBuildPhase section */
		E16C28F215598A5E00E2DB56 /* Frameworks */ = {
			isa = PBXFrameworksBuildPhase;
			buildActionMask = 2147483647;
			files = (
				E16C28FA15598A5E00E2DB56 /* UIKit.framework in Frameworks */,
				E16C28FC15598A5E00E2DB56 /* Foundation.framework in Frameworks */,
				E16C28FE15598A5E00E2DB56 /* CoreGraphics.framework in Frameworks */,
			);
			runOnlyForDeploymentPostprocessing = 0;
		};
/* End PBXFrameworksBuildPhase section */

/* Begin PBXGroup section */
		E16C28EA15598A5E00E2DB56 = {
			isa = PBXGroup;
			children = (
				E16C28FF15598A5E00E2DB56 /* iOSLite */,
				E16C28F815598A5E00E2DB56 /* Frameworks */,
				E16C28F615598A5E00E2DB56 /* Products */,
			);
			sourceTree = "<group>";
		};
		E16C28F615598A5E00E2DB56 /* Products */ = {
			isa = PBXGroup;
			children = (
				E16C28F515598A5E00E2DB56 /* iOSLite.app */,
			);
			name = Products;
			sourceTree = "<group>";
		};
		E16C28F815598A5E00E2DB56 /* Frameworks */ = {
			isa = PBXGroup;
			children = (
				E16C28F915598A5E00E2DB56 /* UIKit.framework */,
				E16C28FB15598A5E00E2DB56 /* Foundation.framework */,
				E16C28FD15598A5E00E2DB56 /* CoreGraphics.framework */,
			);
			name = Frameworks;
			sourceTree = "<group>";
		};
		E16C28FF15598A5E00E2DB56 /* iOSLite */ = {
			isa = PBXGroup;
			children = (
				E16C290815598A5E00E2DB56 /* EDNAppDelegate.h */,
				E16C290915598A5E00E2DB56 /* EDNAppDelegate.m */,
				E16C290B15598A5E00E2DB56 /* MainStoryboard_iPhone.storyboard */,
				E16C290E15598A5E00E2DB56 /* MainStoryboard_iPad.storyboard */,
				E16C291115598A5E00E2DB56 /* EDNViewController.h */,
				E16C291215598A5E00E2DB56 /* EDNViewController.m */,
				E16C290015598A5E00E2DB56 /* Supporting Files */,
			);
			path = iOSLite;
			sourceTree = "<group>";
		};
		E16C290015598A5E00E2DB56 /* Supporting Files */ = {
			isa = PBXGroup;
			children = (
				E16C290115598A5E00E2DB56 /* iOSLite-Info.plist */,
				E16C290215598A5E00E2DB56 /* InfoPlist.strings */,
				E16C290515598A5E00E2DB56 /* main.m */,
				E16C290715598A5E00E2DB56 /* iOSLite-Prefix.pch */,
			);
			name = "Supporting Files";
			sourceTree = "<group>";
		};
/* End PBXGroup section */

/* Begin PBXNativeTarget section */
		E16C28F415598A5E00E2DB56 /* iOSLite */ = {
			isa = PBXNativeTarget;
			buildConfigurationList = E16C291615598A5E00E2DB56 /* Build configuration list for PBXNativeTarget "iOSLite" */;
			buildPhases = (
				E16C28F115598A5E00E2DB56 /* Sources */,
				E16C28F215598A5E00E2DB56 /* Frameworks */,
				E16C28F315598A5E00E2DB56 /* Resources */,
			);
			buildRules = (
			);
			dependencies = (
			);
			name = iOSLite;
			productName = iOSLite;
			productReference = E16C28F515598A5E00E2DB56 /* iOSLite.app */;
			productType = "com.apple.product-type.application";
		};
/* End PBXNativeTarget section */

/* Begin PBXProject section */
		E16C28EC15598A5E00E2DB56 /* Project object */ = {
			isa = PBXProject;
			attributes = {
				CLASSPREFIX = EDN;
				LastUpgradeCheck = 0430;
				ORGANIZATIONNAME = ESRI;
			};
			buildConfigurationList = E16C28EF15598A5E00E2DB56 /* Build configuration list for PBXProject "iOSLite" */;
			compatibilityVersion = "Xcode 3.2";
			developmentRegion = English;
			hasScannedForEncodings = 0;
			knownRegions = (
				en,
			);
			mainGroup = E16C28EA15598A5E00E2DB56;
			productRefGroup = E16C28F615598A5E00E2DB56 /* Products */;
			projectDirPath = "";
			projectRoot = "";
			targets = (
				E16C28F415598A5E00E2DB56 /* iOSLite */,
			);
		};
/* End PBXProject section */

/* Begin PBXResourcesBuildPhase section */
		E16C28F315598A5E00E2DB56 /* Resources */ = {
			isa = PBXResourcesBuildPhase;
			buildActionMask = 2147483647;
			files = (
				E16C290415598A5E00E2DB56 /* InfoPlist.strings in Resources */,
				E16C290D15598A5E00E2DB56 /* MainStoryboard_iPhone.storyboard in Resources */,
				E16C291015598A5E00E2DB56 /* MainStoryboard_iPad.storyboard in Resources */,
			);
			runOnlyForDeploymentPostprocessing = 0;
		};
/* End PBXResourcesBuildPhase section */

/* Begin PBXSourcesBuildPhase section */
		E16C28F115598A5E00E2DB56 /* Sources */ = {
			isa = PBXSourcesBuildPhase;
			buildActionMask = 2147483647;
			files = (
				E16C290615598A5E00E2DB56 /* main.m in Sources */,
				E16C290A15598A5E00E2DB56 /* EDNAppDelegate.m in Sources */,
				E16C291315598A5E00E2DB56 /* EDNViewController.m in Sources */,
			);
			runOnlyForDeploymentPostprocessing = 0;
		};
/* End PBXSourcesBuildPhase section */

/* Begin PBXVariantGroup section */
		E16C290215598A5E00E2DB56 /* InfoPlist.strings */ = {
			isa = PBXVariantGroup;
			children = (
				E16C290315598A5E00E2DB56 /* en */,
			);
			name = InfoPlist.strings;
			sourceTree = "<group>";
		};
		E16C290B15598A5E00E2DB56 /* MainStoryboard_iPhone.storyboard */ = {
			isa = PBXVariantGroup;
			children = (
				E16C290C15598A5E00E2DB56 /* en */,
			);
			name = MainStoryboard_iPhone.storyboard;
			sourceTree = "<group>";
		};
		E16C290E15598A5E00E2DB56 /* MainStoryboard_iPad.storyboard */ = {
			isa = PBXVariantGroup;
			children = (
				E16C290F15598A5E00E2DB56 /* en */,
			);
			name = MainStoryboard_iPad.storyboard;
			sourceTree = "<group>";
		};
/* End PBXVariantGroup section */

/* Begin XCBuildConfiguration section */
		E16C291415598A5E00E2DB56 /* Debug */ = {
			isa = XCBuildConfiguration;
			buildSettings = {
				ALWAYS_SEARCH_USER_PATHS = NO;
				ARCHS = "$(ARCHS_STANDARD_32_BIT)";
				CLANG_ENABLE_OBJC_ARC = YES;
				"CODE_SIGN_IDENTITY[sdk=iphoneos*]" = "iPhone Developer";
				COPY_PHASE_STRIP = NO;
				GCC_C_LANGUAGE_STANDARD = gnu99;
				GCC_DYNAMIC_NO_PIC = NO;
				GCC_OPTIMIZATION_LEVEL = 0;
				GCC_PREPROCESSOR_DEFINITIONS = (
					"DEBUG=1",
					"$(inherited)",
				);
				GCC_SYMBOLS_PRIVATE_EXTERN = NO;
				GCC_VERSION = com.apple.compilers.llvm.clang.1_0;
				GCC_WARN_ABOUT_RETURN_TYPE = YES;
				GCC_WARN_UNINITIALIZED_AUTOS = YES;
				GCC_WARN_UNUSED_VARIABLE = YES;
				IPHONEOS_DEPLOYMENT_TARGET = 5.1;
				SDKROOT = iphoneos;
				TARGETED_DEVICE_FAMILY = "1,2";
			};
			name = Debug;
		};
		E16C291515598A5E00E2DB56 /* Release */ = {
			isa = XCBuildConfiguration;
			buildSettings = {
				ALWAYS_SEARCH_USER_PATHS = NO;
				ARCHS = "$(ARCHS_STANDARD_32_BIT)";
				CLANG_ENABLE_OBJC_ARC = YES;
				"CODE_SIGN_IDENTITY[sdk=iphoneos*]" = "iPhone Developer";
				COPY_PHASE_STRIP = YES;
				GCC_C_LANGUAGE_STANDARD = gnu99;
				GCC_VERSION = com.apple.compilers.llvm.clang.1_0;
				GCC_WARN_ABOUT_RETURN_TYPE = YES;
				GCC_WARN_UNINITIALIZED_AUTOS = YES;
				GCC_WARN_UNUSED_VARIABLE = YES;
				IPHONEOS_DEPLOYMENT_TARGET = 5.1;
				OTHER_CFLAGS = "-DNS_BLOCK_ASSERTIONS=1";
				SDKROOT = iphoneos;
				TARGETED_DEVICE_FAMILY = "1,2";
				VALIDATE_PRODUCT = YES;
			};
			name = Release;
		};
		E16C291715598A5E00E2DB56 /* Debug */ = {
			isa = XCBuildConfiguration;
			buildSettings = {
				GCC_PRECOMPILE_PREFIX_HEADER = YES;
				GCC_PREFIX_HEADER = "iOSLite/iOSLite-Prefix.pch";
				INFOPLIST_FILE = "iOSLite/iOSLite-Info.plist";
				PRODUCT_NAME = "$(TARGET_NAME)";
				WRAPPER_EXTENSION = app;
			};
			name = Debug;
		};
		E16C291815598A5E00E2DB56 /* Release */ = {
			isa = XCBuildConfiguration;
			buildSettings = {
				GCC_PRECOMPILE_PREFIX_HEADER = YES;
				GCC_PREFIX_HEADER = "iOSLite/iOSLite-Prefix.pch";
				INFOPLIST_FILE = "iOSLite/iOSLite-Info.plist";
				PRODUCT_NAME = "$(TARGET_NAME)";
				WRAPPER_EXTENSION = app;
			};
			name = Release;
		};
/* End XCBuildConfiguration section */

/* Begin XCConfigurationList section */
		E16C28EF15598A5E00E2DB56 /* Build configuration list for PBXProject "iOSLite" */ = {
			isa = XCConfigurationList;
			buildConfigurations = (
				E16C291415598A5E00E2DB56 /* Debug */,
				E16C291515598A5E00E2DB56 /* Release */,
			);
			defaultConfigurationIsVisible = 0;
			defaultConfigurationName = Release;
		};
		E16C291615598A5E00E2DB56 /* Build configuration list for PBXNativeTarget "iOSLite" */ = {
			isa = XCConfigurationList;
			buildConfigurations = (
				E16C291715598A5E00E2DB56 /* Debug */,
				E16C291815598A5E00E2DB56 /* Release */,
			);
			defaultConfigurationIsVisible = 0;
		};
/* End XCConfigurationList section */
	};
	rootObject = E16C28EC15598A5E00E2DB56 /* Project object */;
}
